
Microsoft Visual Studio Solution File, Format Version 12.00
# Visual Studio 15
VisualStudioVersion = 15.0.27703.2042
MinimumVisualStudioVersion = 10.0.40219.1
Project("{FAE04EC0-301F-11D3-BF4B-00C04F79EFBC}") = "XamlCustomClass", "XamlCustomClass\XamlCustomClass.csproj", "{0F695C18-6BBC-4E23-B486-E124C1649ADA}"
EndProject
Global
	GlobalSection(SolutionConfigurationPlatforms) = preSolution
		Debug|Any CPU = Debug|Any CPU
		Release|Any CPU = Release|Any CPU
	EndGlobalSection
	GlobalSection(ProjectConfigurationPlatforms) = postSolution
		{0F695C18-6BBC-4E23-B486-E124C1649ADA}.Debug|Any CPU.ActiveCfg = Debug|Any CPU
		{0F695C18-6BBC-4E23-B486-E124C1649ADA}.Debug|Any CPU.Build.0 = Debug|Any CPU
		{0F695C18-6BBC-4E23-B486-E124C1649ADA}.Release|Any CPU.ActiveCfg = Release|Any CPU
		{0F695C18-6BBC-4E23-B486-E124C1649ADA}.Release|Any CPU.Build.0 = Release|Any CPU
	EndGlobalSection
	GlobalSection(SolutionProperties) = preSolution
		HideSolutionNode = FALSE
	EndGlobalSection
	GlobalSection(ExtensibilityGlobals) = postSolution
		SolutionGuid = {14F8A62A-775C-4C71-954E-D26883BC2371}
	EndGlobalSection
EndGlobal
