
Microsoft Visual Studio Solution File, Format Version 12.00
# Visual Studio 15
VisualStudioVersion = 15.0.27703.2042
MinimumVisualStudioVersion = 10.0.40219.1
Project("{FAE04EC0-301F-11D3-BF4B-00C04F79EFBC}") = "study", "study\study.csproj", "{4E512E4B-4D79-4F92-9567-657CA7B0A2C8}"
EndProject
Project("{FAE04EC0-301F-11D3-BF4B-00C04F79EFBC}") = "WpfApp1", "WpfApp1\WpfApp1.csproj", "{7071F52A-43D3-43CF-A645-30B6EBD9F5D0}"
EndProject
Project("{FAE04EC0-301F-11D3-BF4B-00C04F79EFBC}") = "WpfApp2", "WpfApp2\WpfApp2.csproj", "{0672EF26-77B3-41D9-9BDA-31DAC3D97FAE}"
EndProject
Project("{FAE04EC0-301F-11D3-BF4B-00C04F79EFBC}") = "WpfApp3", "WpfApp3\WpfApp3.csproj", "{5FE05248-DC76-46F3-BEF6-6EDFB1BD0F60}"
EndProject
Project("{FAE04EC0-301F-11D3-BF4B-00C04F79EFBC}") = "WpfApp4", "WpfApp4\WpfApp4.csproj", "{F723351A-AF53-4AC8-B6C5-9679BF8E2E2D}"
EndProject
Project("{FAE04EC0-301F-11D3-BF4B-00C04F79EFBC}") = "WpfApp5", "WpfApp5\WpfApp5.csproj", "{447DC27A-6FA7-4FD4-BD4E-F4ECB8AC22E8}"
EndProject
Project("{FAE04EC0-301F-11D3-BF4B-00C04F79EFBC}") = "WpfApp6", "WpfApp6\WpfApp6.csproj", "{9BB3ABD7-5088-4E60-BD69-31F9EA66A782}"
EndProject
Project("{FAE04EC0-301F-11D3-BF4B-00C04F79EFBC}") = "passwordbox", "passwordbox\passwordbox.csproj", "{B2995A90-CD43-4D82-9B5D-9C92CFC4B7D8}"
EndProject
Project("{FAE04EC0-301F-11D3-BF4B-00C04F79EFBC}") = "WpfApp7", "WpfApp7\WpfApp7.csproj", "{6634FABD-DEB1-40CF-BC1C-5D76AE5AA34B}"
EndProject
Project("{FAE04EC0-301F-11D3-BF4B-00C04F79EFBC}") = "WpfApp8", "WpfApp8\WpfApp8.csproj", "{6514094C-E78A-4EAA-A628-F3A0C8E14C97}"
EndProject
Project("{FAE04EC0-301F-11D3-BF4B-00C04F79EFBC}") = "WpfApp9", "WpfApp9\WpfApp9.csproj", "{CB1CBC9D-D640-48FE-99E8-7C2951430A2A}"
EndProject
Project("{FAE04EC0-301F-11D3-BF4B-00C04F79EFBC}") = "WpfApp10", "WpfApp10\WpfApp10.csproj", "{69499D01-1081-4760-9BE7-C55475DB5E93}"
EndProject
Project("{FAE04EC0-301F-11D3-BF4B-00C04F79EFBC}") = "WpfApp11", "WpfApp11\WpfApp11.csproj", "{3B8E09CB-442D-4FED-9B42-43A21D3BFBA7}"
EndProject
Project("{FAE04EC0-301F-11D3-BF4B-00C04F79EFBC}") = "WpfApp12", "WpfApp12\WpfApp12.csproj", "{EAB1BDFD-585C-4B74-B916-F01B90A9E841}"
EndProject
Project("{FAE04EC0-301F-11D3-BF4B-00C04F79EFBC}") = "WpfApp13", "WpfApp13\WpfApp13.csproj", "{0B1E47C6-90E3-4AEC-92BA-000A2F881338}"
EndProject
Project("{FAE04EC0-301F-11D3-BF4B-00C04F79EFBC}") = "WpfApp14", "WpfApp14\WpfApp14.csproj", "{E59590E5-6E19-4AEF-9432-E25F0619396C}"
EndProject
Project("{FAE04EC0-301F-11D3-BF4B-00C04F79EFBC}") = "WpfApp15", "WpfApp15\WpfApp15.csproj", "{56D24057-1644-4424-BD98-B7D582323EA1}"
EndProject
Project("{FAE04EC0-301F-11D3-BF4B-00C04F79EFBC}") = "WpfApp16", "WpfApp16\WpfApp16.csproj", "{74382AF0-6762-418B-8E99-CBBBB12D589C}"
EndProject
Project("{FAE04EC0-301F-11D3-BF4B-00C04F79EFBC}") = "WpfApp17", "WpfApp17\WpfApp17.csproj", "{5A91AF48-B8B3-429B-8030-F0043DCAF669}"
EndProject
Project("{FAE04EC0-301F-11D3-BF4B-00C04F79EFBC}") = "WpfApp18", "WpfApp18\WpfApp18.csproj", "{89EA4185-A4C8-49FC-85B0-6333962D9EEC}"
EndProject
Project("{FAE04EC0-301F-11D3-BF4B-00C04F79EFBC}") = "WpfApp19", "WpfApp19\WpfApp19.csproj", "{B6C12916-CBD3-43E3-B700-3F8F4BF2C0C0}"
EndProject
Project("{FAE04EC0-301F-11D3-BF4B-00C04F79EFBC}") = "WpfApp20", "WpfApp20\WpfApp20.csproj", "{86666B36-BC85-4B31-915C-8622A41B4C11}"
EndProject
Project("{FAE04EC0-301F-11D3-BF4B-00C04F79EFBC}") = "WpfApp21", "WpfApp21\WpfApp21.csproj", "{422A8237-2A76-4350-9886-7F8A8EB4F1BE}"
EndProject
Project("{FAE04EC0-301F-11D3-BF4B-00C04F79EFBC}") = "WpfApp22", "WpfApp22\WpfApp22.csproj", "{25650B6F-D964-47D8-8441-ABEAF7EAEE9F}"
EndProject
Project("{FAE04EC0-301F-11D3-BF4B-00C04F79EFBC}") = "WpfApp23", "WpfApp23\WpfApp23.csproj", "{0B7E3993-87E9-4B25-A965-B06686631235}"
EndProject
Project("{FAE04EC0-301F-11D3-BF4B-00C04F79EFBC}") = "MvvmExam", "MvvmExam.Helpers\MvvmExam.csproj", "{6A281DF6-7FC7-4F64-A843-A60EF68DA29A}"
EndProject
Global
	GlobalSection(SolutionConfigurationPlatforms) = preSolution
		Debug|Any CPU = Debug|Any CPU
		Release|Any CPU = Release|Any CPU
	EndGlobalSection
	GlobalSection(ProjectConfigurationPlatforms) = postSolution
		{4E512E4B-4D79-4F92-9567-657CA7B0A2C8}.Debug|Any CPU.ActiveCfg = Debug|Any CPU
		{4E512E4B-4D79-4F92-9567-657CA7B0A2C8}.Debug|Any CPU.Build.0 = Debug|Any CPU
		{4E512E4B-4D79-4F92-9567-657CA7B0A2C8}.Release|Any CPU.ActiveCfg = Release|Any CPU
		{4E512E4B-4D79-4F92-9567-657CA7B0A2C8}.Release|Any CPU.Build.0 = Release|Any CPU
		{7071F52A-43D3-43CF-A645-30B6EBD9F5D0}.Debug|Any CPU.ActiveCfg = Debug|Any CPU
		{7071F52A-43D3-43CF-A645-30B6EBD9F5D0}.Debug|Any CPU.Build.0 = Debug|Any CPU
		{7071F52A-43D3-43CF-A645-30B6EBD9F5D0}.Release|Any CPU.ActiveCfg = Release|Any CPU
		{7071F52A-43D3-43CF-A645-30B6EBD9F5D0}.Release|Any CPU.Build.0 = Release|Any CPU
		{0672EF26-77B3-41D9-9BDA-31DAC3D97FAE}.Debug|Any CPU.ActiveCfg = Debug|Any CPU
		{0672EF26-77B3-41D9-9BDA-31DAC3D97FAE}.Debug|Any CPU.Build.0 = Debug|Any CPU
		{0672EF26-77B3-41D9-9BDA-31DAC3D97FAE}.Release|Any CPU.ActiveCfg = Release|Any CPU
		{0672EF26-77B3-41D9-9BDA-31DAC3D97FAE}.Release|Any CPU.Build.0 = Release|Any CPU
		{5FE05248-DC76-46F3-BEF6-6EDFB1BD0F60}.Debug|Any CPU.ActiveCfg = Debug|Any CPU
		{5FE05248-DC76-46F3-BEF6-6EDFB1BD0F60}.Debug|Any CPU.Build.0 = Debug|Any CPU
		{5FE05248-DC76-46F3-BEF6-6EDFB1BD0F60}.Release|Any CPU.ActiveCfg = Release|Any CPU
		{5FE05248-DC76-46F3-BEF6-6EDFB1BD0F60}.Release|Any CPU.Build.0 = Release|Any CPU
		{F723351A-AF53-4AC8-B6C5-9679BF8E2E2D}.Debug|Any CPU.ActiveCfg = Debug|Any CPU
		{F723351A-AF53-4AC8-B6C5-9679BF8E2E2D}.Debug|Any CPU.Build.0 = Debug|Any CPU
		{F723351A-AF53-4AC8-B6C5-9679BF8E2E2D}.Release|Any CPU.ActiveCfg = Release|Any CPU
		{F723351A-AF53-4AC8-B6C5-9679BF8E2E2D}.Release|Any CPU.Build.0 = Release|Any CPU
		{447DC27A-6FA7-4FD4-BD4E-F4ECB8AC22E8}.Debug|Any CPU.ActiveCfg = Debug|Any CPU
		{447DC27A-6FA7-4FD4-BD4E-F4ECB8AC22E8}.Debug|Any CPU.Build.0 = Debug|Any CPU
		{447DC27A-6FA7-4FD4-BD4E-F4ECB8AC22E8}.Release|Any CPU.ActiveCfg = Release|Any CPU
		{447DC27A-6FA7-4FD4-BD4E-F4ECB8AC22E8}.Release|Any CPU.Build.0 = Release|Any CPU
		{9BB3ABD7-5088-4E60-BD69-31F9EA66A782}.Debug|Any CPU.ActiveCfg = Debug|Any CPU
		{9BB3ABD7-5088-4E60-BD69-31F9EA66A782}.Debug|Any CPU.Build.0 = Debug|Any CPU
		{9BB3ABD7-5088-4E60-BD69-31F9EA66A782}.Release|Any CPU.ActiveCfg = Release|Any CPU
		{9BB3ABD7-5088-4E60-BD69-31F9EA66A782}.Release|Any CPU.Build.0 = Release|Any CPU
		{B2995A90-CD43-4D82-9B5D-9C92CFC4B7D8}.Debug|Any CPU.ActiveCfg = Debug|Any CPU
		{B2995A90-CD43-4D82-9B5D-9C92CFC4B7D8}.Debug|Any CPU.Build.0 = Debug|Any CPU
		{B2995A90-CD43-4D82-9B5D-9C92CFC4B7D8}.Release|Any CPU.ActiveCfg = Release|Any CPU
		{B2995A90-CD43-4D82-9B5D-9C92CFC4B7D8}.Release|Any CPU.Build.0 = Release|Any CPU
		{6634FABD-DEB1-40CF-BC1C-5D76AE5AA34B}.Debug|Any CPU.ActiveCfg = Debug|Any CPU
		{6634FABD-DEB1-40CF-BC1C-5D76AE5AA34B}.Debug|Any CPU.Build.0 = Debug|Any CPU
		{6634FABD-DEB1-40CF-BC1C-5D76AE5AA34B}.Release|Any CPU.ActiveCfg = Release|Any CPU
		{6634FABD-DEB1-40CF-BC1C-5D76AE5AA34B}.Release|Any CPU.Build.0 = Release|Any CPU
		{6514094C-E78A-4EAA-A628-F3A0C8E14C97}.Debug|Any CPU.ActiveCfg = Debug|Any CPU
		{6514094C-E78A-4EAA-A628-F3A0C8E14C97}.Debug|Any CPU.Build.0 = Debug|Any CPU
		{6514094C-E78A-4EAA-A628-F3A0C8E14C97}.Release|Any CPU.ActiveCfg = Release|Any CPU
		{6514094C-E78A-4EAA-A628-F3A0C8E14C97}.Release|Any CPU.Build.0 = Release|Any CPU
		{CB1CBC9D-D640-48FE-99E8-7C2951430A2A}.Debug|Any CPU.ActiveCfg = Debug|Any CPU
		{CB1CBC9D-D640-48FE-99E8-7C2951430A2A}.Debug|Any CPU.Build.0 = Debug|Any CPU
		{CB1CBC9D-D640-48FE-99E8-7C2951430A2A}.Release|Any CPU.ActiveCfg = Release|Any CPU
		{CB1CBC9D-D640-48FE-99E8-7C2951430A2A}.Release|Any CPU.Build.0 = Release|Any CPU
		{69499D01-1081-4760-9BE7-C55475DB5E93}.Debug|Any CPU.ActiveCfg = Debug|Any CPU
		{69499D01-1081-4760-9BE7-C55475DB5E93}.Debug|Any CPU.Build.0 = Debug|Any CPU
		{69499D01-1081-4760-9BE7-C55475DB5E93}.Release|Any CPU.ActiveCfg = Release|Any CPU
		{69499D01-1081-4760-9BE7-C55475DB5E93}.Release|Any CPU.Build.0 = Release|Any CPU
		{3B8E09CB-442D-4FED-9B42-43A21D3BFBA7}.Debug|Any CPU.ActiveCfg = Debug|Any CPU
		{3B8E09CB-442D-4FED-9B42-43A21D3BFBA7}.Debug|Any CPU.Build.0 = Debug|Any CPU
		{3B8E09CB-442D-4FED-9B42-43A21D3BFBA7}.Release|Any CPU.ActiveCfg = Release|Any CPU
		{3B8E09CB-442D-4FED-9B42-43A21D3BFBA7}.Release|Any CPU.Build.0 = Release|Any CPU
		{EAB1BDFD-585C-4B74-B916-F01B90A9E841}.Debug|Any CPU.ActiveCfg = Debug|Any CPU
		{EAB1BDFD-585C-4B74-B916-F01B90A9E841}.Debug|Any CPU.Build.0 = Debug|Any CPU
		{EAB1BDFD-585C-4B74-B916-F01B90A9E841}.Release|Any CPU.ActiveCfg = Release|Any CPU
		{EAB1BDFD-585C-4B74-B916-F01B90A9E841}.Release|Any CPU.Build.0 = Release|Any CPU
		{0B1E47C6-90E3-4AEC-92BA-000A2F881338}.Debug|Any CPU.ActiveCfg = Debug|Any CPU
		{0B1E47C6-90E3-4AEC-92BA-000A2F881338}.Debug|Any CPU.Build.0 = Debug|Any CPU
		{0B1E47C6-90E3-4AEC-92BA-000A2F881338}.Release|Any CPU.ActiveCfg = Release|Any CPU
		{0B1E47C6-90E3-4AEC-92BA-000A2F881338}.Release|Any CPU.Build.0 = Release|Any CPU
		{E59590E5-6E19-4AEF-9432-E25F0619396C}.Debug|Any CPU.ActiveCfg = Debug|Any CPU
		{E59590E5-6E19-4AEF-9432-E25F0619396C}.Debug|Any CPU.Build.0 = Debug|Any CPU
		{E59590E5-6E19-4AEF-9432-E25F0619396C}.Release|Any CPU.ActiveCfg = Release|Any CPU
		{E59590E5-6E19-4AEF-9432-E25F0619396C}.Release|Any CPU.Build.0 = Release|Any CPU
		{56D24057-1644-4424-BD98-B7D582323EA1}.Debug|Any CPU.ActiveCfg = Debug|Any CPU
		{56D24057-1644-4424-BD98-B7D582323EA1}.Debug|Any CPU.Build.0 = Debug|Any CPU
		{56D24057-1644-4424-BD98-B7D582323EA1}.Release|Any CPU.ActiveCfg = Release|Any CPU
		{56D24057-1644-4424-BD98-B7D582323EA1}.Release|Any CPU.Build.0 = Release|Any CPU
		{74382AF0-6762-418B-8E99-CBBBB12D589C}.Debug|Any CPU.ActiveCfg = Debug|Any CPU
		{74382AF0-6762-418B-8E99-CBBBB12D589C}.Debug|Any CPU.Build.0 = Debug|Any CPU
		{74382AF0-6762-418B-8E99-CBBBB12D589C}.Release|Any CPU.ActiveCfg = Release|Any CPU
		{74382AF0-6762-418B-8E99-CBBBB12D589C}.Release|Any CPU.Build.0 = Release|Any CPU
		{5A91AF48-B8B3-429B-8030-F0043DCAF669}.Debug|Any CPU.ActiveCfg = Debug|Any CPU
		{5A91AF48-B8B3-429B-8030-F0043DCAF669}.Debug|Any CPU.Build.0 = Debug|Any CPU
		{5A91AF48-B8B3-429B-8030-F0043DCAF669}.Release|Any CPU.ActiveCfg = Release|Any CPU
		{5A91AF48-B8B3-429B-8030-F0043DCAF669}.Release|Any CPU.Build.0 = Release|Any CPU
		{89EA4185-A4C8-49FC-85B0-6333962D9EEC}.Debug|Any CPU.ActiveCfg = Debug|Any CPU
		{89EA4185-A4C8-49FC-85B0-6333962D9EEC}.Debug|Any CPU.Build.0 = Debug|Any CPU
		{89EA4185-A4C8-49FC-85B0-6333962D9EEC}.Release|Any CPU.ActiveCfg = Release|Any CPU
		{89EA4185-A4C8-49FC-85B0-6333962D9EEC}.Release|Any CPU.Build.0 = Release|Any CPU
		{B6C12916-CBD3-43E3-B700-3F8F4BF2C0C0}.Debug|Any CPU.ActiveCfg = Debug|Any CPU
		{B6C12916-CBD3-43E3-B700-3F8F4BF2C0C0}.Debug|Any CPU.Build.0 = Debug|Any CPU
		{B6C12916-CBD3-43E3-B700-3F8F4BF2C0C0}.Release|Any CPU.ActiveCfg = Release|Any CPU
		{B6C12916-CBD3-43E3-B700-3F8F4BF2C0C0}.Release|Any CPU.Build.0 = Release|Any CPU
		{86666B36-BC85-4B31-915C-8622A41B4C11}.Debug|Any CPU.ActiveCfg = Debug|Any CPU
		{86666B36-BC85-4B31-915C-8622A41B4C11}.Debug|Any CPU.Build.0 = Debug|Any CPU
		{86666B36-BC85-4B31-915C-8622A41B4C11}.Release|Any CPU.ActiveCfg = Release|Any CPU
		{86666B36-BC85-4B31-915C-8622A41B4C11}.Release|Any CPU.Build.0 = Release|Any CPU
		{422A8237-2A76-4350-9886-7F8A8EB4F1BE}.Debug|Any CPU.ActiveCfg = Debug|Any CPU
		{422A8237-2A76-4350-9886-7F8A8EB4F1BE}.Debug|Any CPU.Build.0 = Debug|Any CPU
		{422A8237-2A76-4350-9886-7F8A8EB4F1BE}.Release|Any CPU.ActiveCfg = Release|Any CPU
		{422A8237-2A76-4350-9886-7F8A8EB4F1BE}.Release|Any CPU.Build.0 = Release|Any CPU
		{25650B6F-D964-47D8-8441-ABEAF7EAEE9F}.Debug|Any CPU.ActiveCfg = Debug|Any CPU
		{25650B6F-D964-47D8-8441-ABEAF7EAEE9F}.Debug|Any CPU.Build.0 = Debug|Any CPU
		{25650B6F-D964-47D8-8441-ABEAF7EAEE9F}.Release|Any CPU.ActiveCfg = Release|Any CPU
		{25650B6F-D964-47D8-8441-ABEAF7EAEE9F}.Release|Any CPU.Build.0 = Release|Any CPU
		{0B7E3993-87E9-4B25-A965-B06686631235}.Debug|Any CPU.ActiveCfg = Debug|Any CPU
		{0B7E3993-87E9-4B25-A965-B06686631235}.Debug|Any CPU.Build.0 = Debug|Any CPU
		{0B7E3993-87E9-4B25-A965-B06686631235}.Release|Any CPU.ActiveCfg = Release|Any CPU
		{0B7E3993-87E9-4B25-A965-B06686631235}.Release|Any CPU.Build.0 = Release|Any CPU
		{6A281DF6-7FC7-4F64-A843-A60EF68DA29A}.Debug|Any CPU.ActiveCfg = Debug|Any CPU
		{6A281DF6-7FC7-4F64-A843-A60EF68DA29A}.Debug|Any CPU.Build.0 = Debug|Any CPU
		{6A281DF6-7FC7-4F64-A843-A60EF68DA29A}.Release|Any CPU.ActiveCfg = Release|Any CPU
		{6A281DF6-7FC7-4F64-A843-A60EF68DA29A}.Release|Any CPU.Build.0 = Release|Any CPU
	EndGlobalSection
	GlobalSection(SolutionProperties) = preSolution
		HideSolutionNode = FALSE
	EndGlobalSection
	GlobalSection(ExtensibilityGlobals) = postSolution
		SolutionGuid = {1D5014C6-E592-433A-B303-B0D09A8D2F0A}
	EndGlobalSection
EndGlobal
