
Microsoft Visual Studio Solution File, Format Version 12.00
# Visual Studio 15
VisualStudioVersion = 15.0.27703.2042
MinimumVisualStudioVersion = 10.0.40219.1
Project("{FAE04EC0-301F-11D3-BF4B-00C04F79EFBC}") = "HelloWorld", "HelloWorld\HelloWorld.csproj", "{C2DBB533-3C35-4C24-B23B-E2A58E35DC60}"
EndProject
Project("{FAE04EC0-301F-11D3-BF4B-00C04F79EFBC}") = "ConsoleApp1", "ConsoleApp1\ConsoleApp1.csproj", "{5B59FA83-7F02-4586-9EB9-491972FE981F}"
EndProject
Project("{FAE04EC0-301F-11D3-BF4B-00C04F79EFBC}") = "ConsoleApp2", "ConsoleApp2\ConsoleApp2.csproj", "{13452E21-E0AE-41AE-A73F-129DBEAADDD1}"
EndProject
Project("{FAE04EC0-301F-11D3-BF4B-00C04F79EFBC}") = "ConsoleApp3", "ConsoleApp3\ConsoleApp3.csproj", "{B61E885A-887B-4E91-974C-AA7ADDD352D1}"
EndProject
Project("{FAE04EC0-301F-11D3-BF4B-00C04F79EFBC}") = "ConsoleApp4", "ConsoleApp4\ConsoleApp4.csproj", "{67A89EAE-9BC9-4AA7-913D-945FB60AAB4D}"
EndProject
Project("{FAE04EC0-301F-11D3-BF4B-00C04F79EFBC}") = "ConsoleApp5", "ConsoleApp5\ConsoleApp5.csproj", "{67255F9A-ABF3-4D67-98CD-75EE38F65BC2}"
EndProject
Project("{FAE04EC0-301F-11D3-BF4B-00C04F79EFBC}") = "ConsoleApp6", "ConsoleApp6\ConsoleApp6.csproj", "{4F93556B-04DD-4EFA-B54C-67618473AB25}"
EndProject
Project("{FAE04EC0-301F-11D3-BF4B-00C04F79EFBC}") = "ConsoleApp7", "ConsoleApp7\ConsoleApp7.csproj", "{EC9E7385-8E25-46D3-89CA-8CF39D6FB4F4}"
EndProject
Project("{FAE04EC0-301F-11D3-BF4B-00C04F79EFBC}") = "ConsoleApp8", "ConsoleApp8\ConsoleApp8.csproj", "{6B5829C6-EA62-4123-A047-BEB0EDF70EF5}"
EndProject
Project("{FAE04EC0-301F-11D3-BF4B-00C04F79EFBC}") = "ConsoleApp9", "ConsoleApp9\ConsoleApp9.csproj", "{4C99BFD5-E810-45C8-BB37-7A28F1D29D4B}"
EndProject
Project("{FAE04EC0-301F-11D3-BF4B-00C04F79EFBC}") = "ConsoleApp10", "ConsoleApp10\ConsoleApp10.csproj", "{99D0A9FC-7FB8-4B47-9FC0-F1C37FE1B4E9}"
EndProject
Project("{FAE04EC0-301F-11D3-BF4B-00C04F79EFBC}") = "ConsoleApp11", "ConsoleApp11\ConsoleApp11.csproj", "{F658D7C1-9866-46C7-B6FD-AD05C3B27D2B}"
EndProject
Project("{FAE04EC0-301F-11D3-BF4B-00C04F79EFBC}") = "ConsoleApp12", "ConsoleApp12\ConsoleApp12.csproj", "{E64D8053-482A-4239-9A82-A65A306A8AFE}"
EndProject
Project("{FAE04EC0-301F-11D3-BF4B-00C04F79EFBC}") = "ConsoleApp13", "ConsoleApp13\ConsoleApp13.csproj", "{8CB1358C-E09F-4A05-A80F-5E578F88CAF2}"
EndProject
Project("{FAE04EC0-301F-11D3-BF4B-00C04F79EFBC}") = "ConsoleApp14", "ConsoleApp14\ConsoleApp14.csproj", "{1174AE15-A0B8-437D-BB8B-DD02E1C32EB0}"
EndProject
Project("{FAE04EC0-301F-11D3-BF4B-00C04F79EFBC}") = "ConsoleApp15", "ConsoleApp15\ConsoleApp15.csproj", "{83212176-27AB-4A2A-9CEC-25080C7D7C94}"
EndProject
Project("{FAE04EC0-301F-11D3-BF4B-00C04F79EFBC}") = "ConsoleApp16", "ConsoleApp16\ConsoleApp16.csproj", "{B38FF6DD-F55D-487B-A304-E7BC66789340}"
EndProject
Project("{FAE04EC0-301F-11D3-BF4B-00C04F79EFBC}") = "ConsoleApp17", "ConsoleApp17\ConsoleApp17.csproj", "{37397A38-E0F2-434F-B0AA-99FA1EFE4558}"
EndProject
Project("{FAE04EC0-301F-11D3-BF4B-00C04F79EFBC}") = "Shapes", "..\Shapes\Shapes.csproj", "{181978AC-D637-45E1-BC59-FE9BD42AE0C2}"
EndProject
Project("{FAE04EC0-301F-11D3-BF4B-00C04F79EFBC}") = "ConsoleApp18", "ConsoleApp18\ConsoleApp18.csproj", "{5E444051-2BCD-4AEB-AA12-7CE0A20E31B8}"
EndProject
Project("{FAE04EC0-301F-11D3-BF4B-00C04F79EFBC}") = "ConsoleApp19", "ConsoleApp19\ConsoleApp19.csproj", "{C1418755-0840-4DB7-9978-7688822F275B}"
EndProject
Project("{FAE04EC0-301F-11D3-BF4B-00C04F79EFBC}") = "ConsoleApp20", "ConsoleApp20\ConsoleApp20.csproj", "{99A18B76-07CB-496F-889A-2FEEE9CCD677}"
EndProject
Project("{FAE04EC0-301F-11D3-BF4B-00C04F79EFBC}") = "ConsoleApp21", "ConsoleApp21\ConsoleApp21.csproj", "{F4B7E734-EC3F-46FE-9353-A8572B9E1742}"
EndProject
Project("{FAE04EC0-301F-11D3-BF4B-00C04F79EFBC}") = "ConsoleApp22", "ConsoleApp22\ConsoleApp22.csproj", "{AA847559-E15C-49B8-88DB-5D58EC5EFD3A}"
EndProject
Project("{FAE04EC0-301F-11D3-BF4B-00C04F79EFBC}") = "ConsoleApp23", "ConsoleApp23\ConsoleApp23.csproj", "{5811D322-2859-4182-B8A2-7AFC3FC19F20}"
EndProject
Project("{FAE04EC0-301F-11D3-BF4B-00C04F79EFBC}") = "ConsoleApp24", "ConsoleApp24\ConsoleApp24.csproj", "{49D753B7-85E4-490C-A420-7E897301689B}"
EndProject
Global
	GlobalSection(SolutionConfigurationPlatforms) = preSolution
		Debug|Any CPU = Debug|Any CPU
		Release|Any CPU = Release|Any CPU
	EndGlobalSection
	GlobalSection(ProjectConfigurationPlatforms) = postSolution
		{C2DBB533-3C35-4C24-B23B-E2A58E35DC60}.Debug|Any CPU.ActiveCfg = Debug|Any CPU
		{C2DBB533-3C35-4C24-B23B-E2A58E35DC60}.Debug|Any CPU.Build.0 = Debug|Any CPU
		{C2DBB533-3C35-4C24-B23B-E2A58E35DC60}.Release|Any CPU.ActiveCfg = Release|Any CPU
		{C2DBB533-3C35-4C24-B23B-E2A58E35DC60}.Release|Any CPU.Build.0 = Release|Any CPU
		{5B59FA83-7F02-4586-9EB9-491972FE981F}.Debug|Any CPU.ActiveCfg = Debug|Any CPU
		{5B59FA83-7F02-4586-9EB9-491972FE981F}.Debug|Any CPU.Build.0 = Debug|Any CPU
		{5B59FA83-7F02-4586-9EB9-491972FE981F}.Release|Any CPU.ActiveCfg = Release|Any CPU
		{5B59FA83-7F02-4586-9EB9-491972FE981F}.Release|Any CPU.Build.0 = Release|Any CPU
		{13452E21-E0AE-41AE-A73F-129DBEAADDD1}.Debug|Any CPU.ActiveCfg = Debug|Any CPU
		{13452E21-E0AE-41AE-A73F-129DBEAADDD1}.Debug|Any CPU.Build.0 = Debug|Any CPU
		{13452E21-E0AE-41AE-A73F-129DBEAADDD1}.Release|Any CPU.ActiveCfg = Release|Any CPU
		{13452E21-E0AE-41AE-A73F-129DBEAADDD1}.Release|Any CPU.Build.0 = Release|Any CPU
		{B61E885A-887B-4E91-974C-AA7ADDD352D1}.Debug|Any CPU.ActiveCfg = Debug|Any CPU
		{B61E885A-887B-4E91-974C-AA7ADDD352D1}.Debug|Any CPU.Build.0 = Debug|Any CPU
		{B61E885A-887B-4E91-974C-AA7ADDD352D1}.Release|Any CPU.ActiveCfg = Release|Any CPU
		{B61E885A-887B-4E91-974C-AA7ADDD352D1}.Release|Any CPU.Build.0 = Release|Any CPU
		{67A89EAE-9BC9-4AA7-913D-945FB60AAB4D}.Debug|Any CPU.ActiveCfg = Debug|Any CPU
		{67A89EAE-9BC9-4AA7-913D-945FB60AAB4D}.Debug|Any CPU.Build.0 = Debug|Any CPU
		{67A89EAE-9BC9-4AA7-913D-945FB60AAB4D}.Release|Any CPU.ActiveCfg = Release|Any CPU
		{67A89EAE-9BC9-4AA7-913D-945FB60AAB4D}.Release|Any CPU.Build.0 = Release|Any CPU
		{67255F9A-ABF3-4D67-98CD-75EE38F65BC2}.Debug|Any CPU.ActiveCfg = Debug|Any CPU
		{67255F9A-ABF3-4D67-98CD-75EE38F65BC2}.Debug|Any CPU.Build.0 = Debug|Any CPU
		{67255F9A-ABF3-4D67-98CD-75EE38F65BC2}.Release|Any CPU.ActiveCfg = Release|Any CPU
		{67255F9A-ABF3-4D67-98CD-75EE38F65BC2}.Release|Any CPU.Build.0 = Release|Any CPU
		{4F93556B-04DD-4EFA-B54C-67618473AB25}.Debug|Any CPU.ActiveCfg = Debug|Any CPU
		{4F93556B-04DD-4EFA-B54C-67618473AB25}.Debug|Any CPU.Build.0 = Debug|Any CPU
		{4F93556B-04DD-4EFA-B54C-67618473AB25}.Release|Any CPU.ActiveCfg = Release|Any CPU
		{4F93556B-04DD-4EFA-B54C-67618473AB25}.Release|Any CPU.Build.0 = Release|Any CPU
		{EC9E7385-8E25-46D3-89CA-8CF39D6FB4F4}.Debug|Any CPU.ActiveCfg = Debug|Any CPU
		{EC9E7385-8E25-46D3-89CA-8CF39D6FB4F4}.Debug|Any CPU.Build.0 = Debug|Any CPU
		{EC9E7385-8E25-46D3-89CA-8CF39D6FB4F4}.Release|Any CPU.ActiveCfg = Release|Any CPU
		{EC9E7385-8E25-46D3-89CA-8CF39D6FB4F4}.Release|Any CPU.Build.0 = Release|Any CPU
		{6B5829C6-EA62-4123-A047-BEB0EDF70EF5}.Debug|Any CPU.ActiveCfg = Debug|Any CPU
		{6B5829C6-EA62-4123-A047-BEB0EDF70EF5}.Debug|Any CPU.Build.0 = Debug|Any CPU
		{6B5829C6-EA62-4123-A047-BEB0EDF70EF5}.Release|Any CPU.ActiveCfg = Release|Any CPU
		{6B5829C6-EA62-4123-A047-BEB0EDF70EF5}.Release|Any CPU.Build.0 = Release|Any CPU
		{4C99BFD5-E810-45C8-BB37-7A28F1D29D4B}.Debug|Any CPU.ActiveCfg = Debug|Any CPU
		{4C99BFD5-E810-45C8-BB37-7A28F1D29D4B}.Debug|Any CPU.Build.0 = Debug|Any CPU
		{4C99BFD5-E810-45C8-BB37-7A28F1D29D4B}.Release|Any CPU.ActiveCfg = Release|Any CPU
		{4C99BFD5-E810-45C8-BB37-7A28F1D29D4B}.Release|Any CPU.Build.0 = Release|Any CPU
		{99D0A9FC-7FB8-4B47-9FC0-F1C37FE1B4E9}.Debug|Any CPU.ActiveCfg = Debug|Any CPU
		{99D0A9FC-7FB8-4B47-9FC0-F1C37FE1B4E9}.Debug|Any CPU.Build.0 = Debug|Any CPU
		{99D0A9FC-7FB8-4B47-9FC0-F1C37FE1B4E9}.Release|Any CPU.ActiveCfg = Release|Any CPU
		{99D0A9FC-7FB8-4B47-9FC0-F1C37FE1B4E9}.Release|Any CPU.Build.0 = Release|Any CPU
		{F658D7C1-9866-46C7-B6FD-AD05C3B27D2B}.Debug|Any CPU.ActiveCfg = Debug|Any CPU
		{F658D7C1-9866-46C7-B6FD-AD05C3B27D2B}.Debug|Any CPU.Build.0 = Debug|Any CPU
		{F658D7C1-9866-46C7-B6FD-AD05C3B27D2B}.Release|Any CPU.ActiveCfg = Release|Any CPU
		{F658D7C1-9866-46C7-B6FD-AD05C3B27D2B}.Release|Any CPU.Build.0 = Release|Any CPU
		{E64D8053-482A-4239-9A82-A65A306A8AFE}.Debug|Any CPU.ActiveCfg = Debug|Any CPU
		{E64D8053-482A-4239-9A82-A65A306A8AFE}.Debug|Any CPU.Build.0 = Debug|Any CPU
		{E64D8053-482A-4239-9A82-A65A306A8AFE}.Release|Any CPU.ActiveCfg = Release|Any CPU
		{E64D8053-482A-4239-9A82-A65A306A8AFE}.Release|Any CPU.Build.0 = Release|Any CPU
		{8CB1358C-E09F-4A05-A80F-5E578F88CAF2}.Debug|Any CPU.ActiveCfg = Debug|Any CPU
		{8CB1358C-E09F-4A05-A80F-5E578F88CAF2}.Debug|Any CPU.Build.0 = Debug|Any CPU
		{8CB1358C-E09F-4A05-A80F-5E578F88CAF2}.Release|Any CPU.ActiveCfg = Release|Any CPU
		{8CB1358C-E09F-4A05-A80F-5E578F88CAF2}.Release|Any CPU.Build.0 = Release|Any CPU
		{1174AE15-A0B8-437D-BB8B-DD02E1C32EB0}.Debug|Any CPU.ActiveCfg = Debug|Any CPU
		{1174AE15-A0B8-437D-BB8B-DD02E1C32EB0}.Debug|Any CPU.Build.0 = Debug|Any CPU
		{1174AE15-A0B8-437D-BB8B-DD02E1C32EB0}.Release|Any CPU.ActiveCfg = Release|Any CPU
		{1174AE15-A0B8-437D-BB8B-DD02E1C32EB0}.Release|Any CPU.Build.0 = Release|Any CPU
		{83212176-27AB-4A2A-9CEC-25080C7D7C94}.Debug|Any CPU.ActiveCfg = Debug|Any CPU
		{83212176-27AB-4A2A-9CEC-25080C7D7C94}.Debug|Any CPU.Build.0 = Debug|Any CPU
		{83212176-27AB-4A2A-9CEC-25080C7D7C94}.Release|Any CPU.ActiveCfg = Release|Any CPU
		{83212176-27AB-4A2A-9CEC-25080C7D7C94}.Release|Any CPU.Build.0 = Release|Any CPU
		{B38FF6DD-F55D-487B-A304-E7BC66789340}.Debug|Any CPU.ActiveCfg = Debug|Any CPU
		{B38FF6DD-F55D-487B-A304-E7BC66789340}.Debug|Any CPU.Build.0 = Debug|Any CPU
		{B38FF6DD-F55D-487B-A304-E7BC66789340}.Release|Any CPU.ActiveCfg = Release|Any CPU
		{B38FF6DD-F55D-487B-A304-E7BC66789340}.Release|Any CPU.Build.0 = Release|Any CPU
		{37397A38-E0F2-434F-B0AA-99FA1EFE4558}.Debug|Any CPU.ActiveCfg = Debug|Any CPU
		{37397A38-E0F2-434F-B0AA-99FA1EFE4558}.Debug|Any CPU.Build.0 = Debug|Any CPU
		{37397A38-E0F2-434F-B0AA-99FA1EFE4558}.Release|Any CPU.ActiveCfg = Release|Any CPU
		{37397A38-E0F2-434F-B0AA-99FA1EFE4558}.Release|Any CPU.Build.0 = Release|Any CPU
		{181978AC-D637-45E1-BC59-FE9BD42AE0C2}.Debug|Any CPU.ActiveCfg = Debug|Any CPU
		{181978AC-D637-45E1-BC59-FE9BD42AE0C2}.Debug|Any CPU.Build.0 = Debug|Any CPU
		{181978AC-D637-45E1-BC59-FE9BD42AE0C2}.Release|Any CPU.ActiveCfg = Release|Any CPU
		{181978AC-D637-45E1-BC59-FE9BD42AE0C2}.Release|Any CPU.Build.0 = Release|Any CPU
		{5E444051-2BCD-4AEB-AA12-7CE0A20E31B8}.Debug|Any CPU.ActiveCfg = Debug|Any CPU
		{5E444051-2BCD-4AEB-AA12-7CE0A20E31B8}.Debug|Any CPU.Build.0 = Debug|Any CPU
		{5E444051-2BCD-4AEB-AA12-7CE0A20E31B8}.Release|Any CPU.ActiveCfg = Release|Any CPU
		{5E444051-2BCD-4AEB-AA12-7CE0A20E31B8}.Release|Any CPU.Build.0 = Release|Any CPU
		{C1418755-0840-4DB7-9978-7688822F275B}.Debug|Any CPU.ActiveCfg = Debug|Any CPU
		{C1418755-0840-4DB7-9978-7688822F275B}.Debug|Any CPU.Build.0 = Debug|Any CPU
		{C1418755-0840-4DB7-9978-7688822F275B}.Release|Any CPU.ActiveCfg = Release|Any CPU
		{C1418755-0840-4DB7-9978-7688822F275B}.Release|Any CPU.Build.0 = Release|Any CPU
		{99A18B76-07CB-496F-889A-2FEEE9CCD677}.Debug|Any CPU.ActiveCfg = Debug|Any CPU
		{99A18B76-07CB-496F-889A-2FEEE9CCD677}.Debug|Any CPU.Build.0 = Debug|Any CPU
		{99A18B76-07CB-496F-889A-2FEEE9CCD677}.Release|Any CPU.ActiveCfg = Release|Any CPU
		{99A18B76-07CB-496F-889A-2FEEE9CCD677}.Release|Any CPU.Build.0 = Release|Any CPU
		{F4B7E734-EC3F-46FE-9353-A8572B9E1742}.Debug|Any CPU.ActiveCfg = Debug|Any CPU
		{F4B7E734-EC3F-46FE-9353-A8572B9E1742}.Debug|Any CPU.Build.0 = Debug|Any CPU
		{F4B7E734-EC3F-46FE-9353-A8572B9E1742}.Release|Any CPU.ActiveCfg = Release|Any CPU
		{F4B7E734-EC3F-46FE-9353-A8572B9E1742}.Release|Any CPU.Build.0 = Release|Any CPU
		{AA847559-E15C-49B8-88DB-5D58EC5EFD3A}.Debug|Any CPU.ActiveCfg = Debug|Any CPU
		{AA847559-E15C-49B8-88DB-5D58EC5EFD3A}.Debug|Any CPU.Build.0 = Debug|Any CPU
		{AA847559-E15C-49B8-88DB-5D58EC5EFD3A}.Release|Any CPU.ActiveCfg = Release|Any CPU
		{AA847559-E15C-49B8-88DB-5D58EC5EFD3A}.Release|Any CPU.Build.0 = Release|Any CPU
		{5811D322-2859-4182-B8A2-7AFC3FC19F20}.Debug|Any CPU.ActiveCfg = Debug|Any CPU
		{5811D322-2859-4182-B8A2-7AFC3FC19F20}.Debug|Any CPU.Build.0 = Debug|Any CPU
		{5811D322-2859-4182-B8A2-7AFC3FC19F20}.Release|Any CPU.ActiveCfg = Release|Any CPU
		{5811D322-2859-4182-B8A2-7AFC3FC19F20}.Release|Any CPU.Build.0 = Release|Any CPU
		{49D753B7-85E4-490C-A420-7E897301689B}.Debug|Any CPU.ActiveCfg = Debug|Any CPU
		{49D753B7-85E4-490C-A420-7E897301689B}.Debug|Any CPU.Build.0 = Debug|Any CPU
		{49D753B7-85E4-490C-A420-7E897301689B}.Release|Any CPU.ActiveCfg = Release|Any CPU
		{49D753B7-85E4-490C-A420-7E897301689B}.Release|Any CPU.Build.0 = Release|Any CPU
	EndGlobalSection
	GlobalSection(SolutionProperties) = preSolution
		HideSolutionNode = FALSE
	EndGlobalSection
	GlobalSection(ExtensibilityGlobals) = postSolution
		SolutionGuid = {5D920F64-2AD1-453A-9076-73113AF195E6}
	EndGlobalSection
EndGlobal
