
Microsoft Visual Studio Solution File, Format Version 12.00
# Visual Studio 15
VisualStudioVersion = 15.0.27703.2042
MinimumVisualStudioVersion = 10.0.40219.1
Project("{FAE04EC0-301F-11D3-BF4B-00C04F79EFBC}") = "HelloWorld", "HelloWorld\HelloWorld.csproj", "{C2DBB533-3C35-4C24-B23B-E2A58E35DC60}"
EndProject
Project("{FAE04EC0-301F-11D3-BF4B-00C04F79EFBC}") = "ConsoleApp1", "ConsoleApp1\ConsoleApp1.csproj", "{5B59FA83-7F02-4586-9EB9-491972FE981F}"
EndProject
Project("{FAE04EC0-301F-11D3-BF4B-00C04F79EFBC}") = "ConsoleApp2", "ConsoleApp2\ConsoleApp2.csproj", "{13452E21-E0AE-41AE-A73F-129DBEAADDD1}"
EndProject
Project("{FAE04EC0-301F-11D3-BF4B-00C04F79EFBC}") = "ConsoleApp3", "ConsoleApp3\ConsoleApp3.csproj", "{B61E885A-887B-4E91-974C-AA7ADDD352D1}"
EndProject
Project("{FAE04EC0-301F-11D3-BF4B-00C04F79EFBC}") = "ConsoleApp4", "ConsoleApp4\ConsoleApp4.csproj", "{67A89EAE-9BC9-4AA7-913D-945FB60AAB4D}"
EndProject
Project("{FAE04EC0-301F-11D3-BF4B-00C04F79EFBC}") = "ConsoleApp5", "ConsoleApp5\ConsoleApp5.csproj", "{67255F9A-ABF3-4D67-98CD-75EE38F65BC2}"
EndProject
Project("{FAE04EC0-301F-11D3-BF4B-00C04F79EFBC}") = "ConsoleApp6", "ConsoleApp6\ConsoleApp6.csproj", "{4F93556B-04DD-4EFA-B54C-67618473AB25}"
EndProject
Project("{FAE04EC0-301F-11D3-BF4B-00C04F79EFBC}") = "ConsoleApp7", "ConsoleApp7\ConsoleApp7.csproj", "{EC9E7385-8E25-46D3-89CA-8CF39D6FB4F4}"
EndProject
Project("{FAE04EC0-301F-11D3-BF4B-00C04F79EFBC}") = "ConsoleApp8", "ConsoleApp8\ConsoleApp8.csproj", "{6B5829C6-EA62-4123-A047-BEB0EDF70EF5}"
EndProject
Project("{FAE04EC0-301F-11D3-BF4B-00C04F79EFBC}") = "ConsoleApp9", "ConsoleApp9\ConsoleApp9.csproj", "{4C99BFD5-E810-45C8-BB37-7A28F1D29D4B}"
EndProject
Project("{FAE04EC0-301F-11D3-BF4B-00C04F79EFBC}") = "ConsoleApp10", "ConsoleApp10\ConsoleApp10.csproj", "{99D0A9FC-7FB8-4B47-9FC0-F1C37FE1B4E9}"
EndProject
Project("{FAE04EC0-301F-11D3-BF4B-00C04F79EFBC}") = "ConsoleApp11", "ConsoleApp11\ConsoleApp11.csproj", "{F658D7C1-9866-46C7-B6FD-AD05C3B27D2B}"
EndProject
Project("{FAE04EC0-301F-11D3-BF4B-00C04F79EFBC}") = "ConsoleApp12", "ConsoleApp12\ConsoleApp12.csproj", "{E64D8053-482A-4239-9A82-A65A306A8AFE}"
EndProject
Project("{FAE04EC0-301F-11D3-BF4B-00C04F79EFBC}") = "ConsoleApp13", "ConsoleApp13\ConsoleApp13.csproj", "{8CB1358C-E09F-4A05-A80F-5E578F88CAF2}"
EndProject
Project("{FAE04EC0-301F-11D3-BF4B-00C04F79EFBC}") = "ConsoleApp14", "ConsoleApp14\ConsoleApp14.csproj", "{1174AE15-A0B8-437D-BB8B-DD02E1C32EB0}"
EndProject
Project("{FAE04EC0-301F-11D3-BF4B-00C04F79EFBC}") = "ConsoleApp15", "ConsoleApp15\ConsoleApp15.csproj", "{83212176-27AB-4A2A-9CEC-25080C7D7C94}"
EndProject
Project("{FAE04EC0-301F-11D3-BF4B-00C04F79EFBC}") = "ConsoleApp16", "ConsoleApp16\ConsoleApp16.csproj", "{B38FF6DD-F55D-487B-A304-E7BC66789340}"
EndProject
Project("{FAE04EC0-301F-11D3-BF4B-00C04F79EFBC}") = "ConsoleApp17", "ConsoleApp17\ConsoleApp17.csproj", "{37397A38-E0F2-434F-B0AA-99FA1EFE4558}"
EndProject
Project("{FAE04EC0-301F-11D3-BF4B-00C04F79EFBC}") = "Shapes", "..\Shapes\Shapes.csproj", "{181978AC-D637-45E1-BC59-FE9BD42AE0C2}"
EndProject
Project("{FAE04EC0-301F-11D3-BF4B-00C04F79EFBC}") = "ConsoleApp18", "ConsoleApp18\ConsoleApp18.csproj", "{5E444051-2BCD-4AEB-AA12-7CE0A20E31B8}"
EndProject
Project("{FAE04EC0-301F-11D3-BF4B-00C04F79EFBC}") = "ConsoleApp19", "ConsoleApp19\ConsoleApp19.csproj", "{C1418755-0840-4DB7-9978-7688822F275B}"
EndProject
Project("{FAE04EC0-301F-11D3-BF4B-00C04F79EFBC}") = "ConsoleApp20", "ConsoleApp20\ConsoleApp20.csproj", "{99A18B76-07CB-496F-889A-2FEEE9CCD677}"
EndProject
Project("{FAE04EC0-301F-11D3-BF4B-00C04F79EFBC}") = "ConsoleApp21", "ConsoleApp21\ConsoleApp21.csproj", "{F4B7E734-EC3F-46FE-9353-A8572B9E1742}"
EndProject
Project("{FAE04EC0-301F-11D3-BF4B-00C04F79EFBC}") = "ConsoleApp22", "ConsoleApp22\ConsoleApp22.csproj", "{AA847559-E15C-49B8-88DB-5D58EC5EFD3A}"
EndProject
Project("{FAE04EC0-301F-11D3-BF4B-00C04F79EFBC}") = "ConsoleApp23", "ConsoleApp23\ConsoleApp23.csproj", "{5811D322-2859-4182-B8A2-7AFC3FC19F20}"
EndProject
Project("{FAE04EC0-301F-11D3-BF4B-00C04F79EFBC}") = "ConsoleApp24", "ConsoleApp24\ConsoleApp24.csproj", "{49D753B7-85E4-490C-A420-7E897301689B}"
EndProject
Project("{9A19103F-16F7-4668-BE54-9A1E7A4F7556}") = "ConsoleApp25", "ConsoleApp25\ConsoleApp25.csproj", "{433D7B1E-0357-4D20-A56A-6E6452131101}"
EndProject
Project("{9A19103F-16F7-4668-BE54-9A1E7A4F7556}") = "ConsoleApp26", "ConsoleApp26\ConsoleApp26.csproj", "{311C2BA4-53AD-45D1-B39F-9D175004A184}"
EndProject
Project("{FAE04EC0-301F-11D3-BF4B-00C04F79EFBC}") = "ConsoleApp27", "ConsoleApp27\ConsoleApp27.csproj", "{2AD1AE83-F2BB-4C59-858E-202AB9B53C82}"
EndProject
Project("{FAE04EC0-301F-11D3-BF4B-00C04F79EFBC}") = "ConsoleApp28", "ConsoleApp28\ConsoleApp28.csproj", "{630C836D-44DA-429E-B500-C036EB44E412}"
EndProject
Project("{FAE04EC0-301F-11D3-BF4B-00C04F79EFBC}") = "ConsoleApp29", "ConsoleApp29\ConsoleApp29.csproj", "{0C868395-98C3-4285-BB81-3205A33E78D6}"
EndProject
Project("{FAE04EC0-301F-11D3-BF4B-00C04F79EFBC}") = "ConsoleApp30", "ConsoleApp30\ConsoleApp30.csproj", "{0FA42BAC-6B4A-4EAE-A942-F5A391A288F4}"
EndProject
Project("{FAE04EC0-301F-11D3-BF4B-00C04F79EFBC}") = "ConsoleApp31", "ConsoleApp31\ConsoleApp31.csproj", "{060D380B-C317-438D-8F24-848846DB9BD4}"
EndProject
Project("{FAE04EC0-301F-11D3-BF4B-00C04F79EFBC}") = "ConsoleApp32", "ConsoleApp32\ConsoleApp32.csproj", "{4B8461B3-2A30-4F24-8D1C-174E83580EAC}"
EndProject
Project("{FAE04EC0-301F-11D3-BF4B-00C04F79EFBC}") = "ConsoleApp33", "ConsoleApp33\ConsoleApp33.csproj", "{421CB98C-AC5E-4373-8F01-1D065AFE9CFF}"
EndProject
Project("{FAE04EC0-301F-11D3-BF4B-00C04F79EFBC}") = "ConsoleApp34", "ConsoleApp34\ConsoleApp34.csproj", "{8CE08DED-3B89-467D-B3B2-3AB3A250DD53}"
EndProject
Project("{FAE04EC0-301F-11D3-BF4B-00C04F79EFBC}") = "ConsoleApp35", "ConsoleApp35\ConsoleApp35.csproj", "{ED752A9A-9147-4886-A49F-FEAC402E5D2C}"
EndProject
Project("{FAE04EC0-301F-11D3-BF4B-00C04F79EFBC}") = "ConsoleApp36", "ConsoleApp36\ConsoleApp36.csproj", "{5B18F16C-411B-4014-B7AA-8875990C608F}"
EndProject
Project("{FAE04EC0-301F-11D3-BF4B-00C04F79EFBC}") = "ConsoleApp37", "ConsoleApp37\ConsoleApp37.csproj", "{8EBC1195-8A08-4511-8466-3B8501AC0866}"
EndProject
Project("{FAE04EC0-301F-11D3-BF4B-00C04F79EFBC}") = "ConsoleApp38", "ConsoleApp38\ConsoleApp38.csproj", "{B83B48A9-F16B-4952-867F-29057CB2C1A7}"
EndProject
Project("{FAE04EC0-301F-11D3-BF4B-00C04F79EFBC}") = "ConsoleApp39", "ConsoleApp39\ConsoleApp39.csproj", "{056A1CA4-90C1-44EB-9D43-392B30AE6B2F}"
EndProject
Project("{FAE04EC0-301F-11D3-BF4B-00C04F79EFBC}") = "ConsoleApp40", "ConsoleApp40\ConsoleApp40.csproj", "{54903F82-01BD-4403-8298-71B626F08536}"
EndProject
Project("{FAE04EC0-301F-11D3-BF4B-00C04F79EFBC}") = "ConsoleApp41", "ConsoleApp41\ConsoleApp41.csproj", "{C64562F9-7878-4AC8-B4F2-30A907A467EC}"
EndProject
Project("{FAE04EC0-301F-11D3-BF4B-00C04F79EFBC}") = "ConsoleApp42", "ConsoleApp42\ConsoleApp42.csproj", "{4AB5D7E0-B37D-4076-AB0F-1EF857C3CE88}"
EndProject
Project("{FAE04EC0-301F-11D3-BF4B-00C04F79EFBC}") = "ConsoleApp43", "ConsoleApp43\ConsoleApp43.csproj", "{BF0328B2-FBD5-41F9-99F8-04835A11790E}"
EndProject
Project("{FAE04EC0-301F-11D3-BF4B-00C04F79EFBC}") = "ConsoleApp45", "ConsoleApp45\ConsoleApp45.csproj", "{D34D6276-77E5-4079-9894-8F6DB90B8881}"
EndProject
Project("{FAE04EC0-301F-11D3-BF4B-00C04F79EFBC}") = "ConsoleApp46", "ConsoleApp46\ConsoleApp46.csproj", "{B458F9EF-F713-4292-BD12-EB03C1BF6252}"
EndProject
Project("{FAE04EC0-301F-11D3-BF4B-00C04F79EFBC}") = "ConsoleApp47", "ConsoleApp47\ConsoleApp47.csproj", "{1CAC4578-5F04-4AC1-B14F-4DA694DE3B91}"
EndProject
Project("{FAE04EC0-301F-11D3-BF4B-00C04F79EFBC}") = "ConsoleApp48", "ConsoleApp48\ConsoleApp48.csproj", "{F73FDED0-476C-43DB-ACAF-85D08EF8D547}"
EndProject
Project("{FAE04EC0-301F-11D3-BF4B-00C04F79EFBC}") = "ConsoleApp49", "ConsoleApp49\ConsoleApp49.csproj", "{DB82E4E5-2CEB-40AA-84D5-CDCD10BE4434}"
EndProject
Project("{FAE04EC0-301F-11D3-BF4B-00C04F79EFBC}") = "ConsoleApp50", "ConsoleApp50\ConsoleApp50.csproj", "{FC2491BB-7A1B-4CD3-BD54-B5CCF5D005BE}"
EndProject
Project("{FAE04EC0-301F-11D3-BF4B-00C04F79EFBC}") = "ConsoleApp51", "ConsoleApp51\ConsoleApp51.csproj", "{11E9B3DE-AC85-44A3-9966-430D91ABA378}"
EndProject
Project("{FAE04EC0-301F-11D3-BF4B-00C04F79EFBC}") = "ConsoleApp52", "ConsoleApp52\ConsoleApp52.csproj", "{9EB7F7A3-3310-49E2-9827-F8BAA653475A}"
EndProject
Project("{FAE04EC0-301F-11D3-BF4B-00C04F79EFBC}") = "ConsoleApp53", "ConsoleApp53\ConsoleApp53.csproj", "{9C908E78-39A4-462A-8F9E-38553169D3AF}"
EndProject
Project("{FAE04EC0-301F-11D3-BF4B-00C04F79EFBC}") = "ConsoleApp54", "ConsoleApp54\ConsoleApp54.csproj", "{5DBB4E16-6CB7-414B-9EE5-B98B0A278096}"
EndProject
Project("{FAE04EC0-301F-11D3-BF4B-00C04F79EFBC}") = "ConsoleApp55", "ConsoleApp55\ConsoleApp55.csproj", "{91338C0F-AAB9-485F-91D8-83A6BD805ED5}"
EndProject
Project("{FAE04EC0-301F-11D3-BF4B-00C04F79EFBC}") = "ConsoleApp56", "ConsoleApp56\ConsoleApp56.csproj", "{DE2CCD4F-FC97-4963-B6E3-E1B1B7F2E774}"
EndProject
Project("{FAE04EC0-301F-11D3-BF4B-00C04F79EFBC}") = "ConsoleApp57", "ConsoleApp57\ConsoleApp57.csproj", "{1BB617F4-F081-4F04-B21C-EF909D22414B}"
EndProject
Project("{FAE04EC0-301F-11D3-BF4B-00C04F79EFBC}") = "ConsoleApp58", "ConsoleApp58\ConsoleApp58.csproj", "{DBE0874D-DD4C-4E7B-9CEA-E4D7237E3743}"
EndProject
Project("{FAE04EC0-301F-11D3-BF4B-00C04F79EFBC}") = "ConsoleApp59", "ConsoleApp59\ConsoleApp59.csproj", "{71A37947-8C5F-4D27-94B7-39F4597002F2}"
EndProject
Project("{FAE04EC0-301F-11D3-BF4B-00C04F79EFBC}") = "ConsoleApp60", "ConsoleApp60\ConsoleApp60.csproj", "{053A4358-2D63-40AA-A67C-E3849E3408B8}"
EndProject
Project("{FAE04EC0-301F-11D3-BF4B-00C04F79EFBC}") = "ConsoleApp61", "ConsoleApp61\ConsoleApp61.csproj", "{F306C5FD-C2D1-4893-B18B-9362A230C5E6}"
EndProject
Project("{FAE04EC0-301F-11D3-BF4B-00C04F79EFBC}") = "ConsoleApp62", "ConsoleApp62\ConsoleApp62.csproj", "{AFFFDA3C-E789-4077-94B6-C8A607DA7EA9}"
EndProject
Project("{FAE04EC0-301F-11D3-BF4B-00C04F79EFBC}") = "ConsoleApp63", "ConsoleApp63\ConsoleApp63.csproj", "{DA784789-0DC4-41B0-B213-B2AD0C7F0CB0}"
EndProject
Project("{FAE04EC0-301F-11D3-BF4B-00C04F79EFBC}") = "ConsoleApp64", "ConsoleApp64\ConsoleApp64.csproj", "{2731E420-5BBC-4225-BF6E-C3A0EBACA67A}"
EndProject
Project("{FAE04EC0-301F-11D3-BF4B-00C04F79EFBC}") = "ConsoleApp65", "ConsoleApp65\ConsoleApp65.csproj", "{3F0D1508-82D9-4282-9C9B-4808AAD3CA6B}"
EndProject
Project("{FAE04EC0-301F-11D3-BF4B-00C04F79EFBC}") = "ConsoleApp66", "ConsoleApp66\ConsoleApp66.csproj", "{41CA699E-EF0A-4083-B28F-80094133885C}"
EndProject
Project("{FAE04EC0-301F-11D3-BF4B-00C04F79EFBC}") = "ConsoleApp67", "ConsoleApp67\ConsoleApp67.csproj", "{AE5A99C3-3089-414A-8C36-3523A18E8D49}"
EndProject
Project("{FAE04EC0-301F-11D3-BF4B-00C04F79EFBC}") = "ConsoleApp68", "ConsoleApp68\ConsoleApp68.csproj", "{3D5A2387-C247-4235-9A88-7DF2336007A2}"
EndProject
Project("{FAE04EC0-301F-11D3-BF4B-00C04F79EFBC}") = "ConsoleApp69", "ConsoleApp69\ConsoleApp69.csproj", "{9D1EFAE7-7C09-400E-AC76-09B8EED94CA7}"
EndProject
Project("{FAE04EC0-301F-11D3-BF4B-00C04F79EFBC}") = "ConsoleApp70", "ConsoleApp70\ConsoleApp70.csproj", "{86F795C8-A947-4B73-80B9-8B4A7ADAFFAF}"
EndProject
Project("{FAE04EC0-301F-11D3-BF4B-00C04F79EFBC}") = "ConsoleApp71", "ConsoleApp71\ConsoleApp71.csproj", "{A7F61365-8823-4D75-89B6-FB67721ED93E}"
EndProject
Project("{FAE04EC0-301F-11D3-BF4B-00C04F79EFBC}") = "ConsoleApp72", "ConsoleApp72\ConsoleApp72.csproj", "{017CD415-A53E-4038-8436-A1DE2DFF6109}"
EndProject
Project("{FAE04EC0-301F-11D3-BF4B-00C04F79EFBC}") = "ConsoleApp73", "ConsoleApp73\ConsoleApp73.csproj", "{F13D3026-273F-48E5-A05F-DF7AB1167EB7}"
EndProject
Project("{FAE04EC0-301F-11D3-BF4B-00C04F79EFBC}") = "ConsoleApp74", "ConsoleApp74\ConsoleApp74.csproj", "{F22C76DA-F16A-4935-8401-696BEF6F88CF}"
EndProject
Project("{FAE04EC0-301F-11D3-BF4B-00C04F79EFBC}") = "ConsoleApp75", "ConsoleApp75\ConsoleApp75.csproj", "{17460138-736D-4836-A89B-00C276382580}"
EndProject
Project("{FAE04EC0-301F-11D3-BF4B-00C04F79EFBC}") = "ConsoleApp76", "ConsoleApp76\ConsoleApp76.csproj", "{9CCF0DD8-06F7-487E-B9D8-54111AFB62E8}"
EndProject
Project("{FAE04EC0-301F-11D3-BF4B-00C04F79EFBC}") = "ConsoleApp77", "ConsoleApp77\ConsoleApp77.csproj", "{1D8662E3-8829-4317-A411-B132147764FD}"
EndProject
Project("{FAE04EC0-301F-11D3-BF4B-00C04F79EFBC}") = "ConsoleApp78", "ConsoleApp78\ConsoleApp78.csproj", "{97ECC15C-5DE9-4920-A478-A16946F330FF}"
EndProject
Project("{9A19103F-16F7-4668-BE54-9A1E7A4F7556}") = "ConsoleApp79", "ConsoleApp79\ConsoleApp79.csproj", "{A0CB6CF6-0EEA-4AAB-A38B-26EA14CD6CDF}"
EndProject
Project("{9A19103F-16F7-4668-BE54-9A1E7A4F7556}") = "ConsoleApp80", "ConsoleApp80\ConsoleApp80.csproj", "{F102EE53-00B0-43BD-A300-6237CD2F1105}"
EndProject
Project("{9A19103F-16F7-4668-BE54-9A1E7A4F7556}") = "ConsoleApp81", "ConsoleApp81\ConsoleApp81.csproj", "{0328BC21-F406-4DF5-AD96-B5B446BE2478}"
EndProject
Project("{9A19103F-16F7-4668-BE54-9A1E7A4F7556}") = "ConsoleApp82", "ConsoleApp82\ConsoleApp82.csproj", "{DD26160A-EF96-43B3-B2DF-80A5E3735FE4}"
EndProject
Project("{9A19103F-16F7-4668-BE54-9A1E7A4F7556}") = "ConsoleApp83", "ConsoleApp83\ConsoleApp83.csproj", "{E703FE76-D304-4E5B-9F4F-0C574E99EC78}"
EndProject
Project("{FAE04EC0-301F-11D3-BF4B-00C04F79EFBC}") = "ConsoleApp84", "ConsoleApp84\ConsoleApp84.csproj", "{1898CC59-E67A-4577-8A56-2D9D2A43227A}"
EndProject
Project("{FAE04EC0-301F-11D3-BF4B-00C04F79EFBC}") = "ConsoleApp85", "ConsoleApp85\ConsoleApp85.csproj", "{BE57FD76-9961-48C3-AF74-6F82B7519394}"
EndProject
Project("{FAE04EC0-301F-11D3-BF4B-00C04F79EFBC}") = "mail", "mail\mail.csproj", "{357682AA-2AF9-4ED0-8653-679B4DF3D3A2}"
EndProject
Global
	GlobalSection(SolutionConfigurationPlatforms) = preSolution
		Debug|Any CPU = Debug|Any CPU
		Release|Any CPU = Release|Any CPU
	EndGlobalSection
	GlobalSection(ProjectConfigurationPlatforms) = postSolution
		{C2DBB533-3C35-4C24-B23B-E2A58E35DC60}.Debug|Any CPU.ActiveCfg = Debug|Any CPU
		{C2DBB533-3C35-4C24-B23B-E2A58E35DC60}.Debug|Any CPU.Build.0 = Debug|Any CPU
		{C2DBB533-3C35-4C24-B23B-E2A58E35DC60}.Release|Any CPU.ActiveCfg = Release|Any CPU
		{C2DBB533-3C35-4C24-B23B-E2A58E35DC60}.Release|Any CPU.Build.0 = Release|Any CPU
		{5B59FA83-7F02-4586-9EB9-491972FE981F}.Debug|Any CPU.ActiveCfg = Debug|Any CPU
		{5B59FA83-7F02-4586-9EB9-491972FE981F}.Debug|Any CPU.Build.0 = Debug|Any CPU
		{5B59FA83-7F02-4586-9EB9-491972FE981F}.Release|Any CPU.ActiveCfg = Release|Any CPU
		{5B59FA83-7F02-4586-9EB9-491972FE981F}.Release|Any CPU.Build.0 = Release|Any CPU
		{13452E21-E0AE-41AE-A73F-129DBEAADDD1}.Debug|Any CPU.ActiveCfg = Debug|Any CPU
		{13452E21-E0AE-41AE-A73F-129DBEAADDD1}.Debug|Any CPU.Build.0 = Debug|Any CPU
		{13452E21-E0AE-41AE-A73F-129DBEAADDD1}.Release|Any CPU.ActiveCfg = Release|Any CPU
		{13452E21-E0AE-41AE-A73F-129DBEAADDD1}.Release|Any CPU.Build.0 = Release|Any CPU
		{B61E885A-887B-4E91-974C-AA7ADDD352D1}.Debug|Any CPU.ActiveCfg = Debug|Any CPU
		{B61E885A-887B-4E91-974C-AA7ADDD352D1}.Debug|Any CPU.Build.0 = Debug|Any CPU
		{B61E885A-887B-4E91-974C-AA7ADDD352D1}.Release|Any CPU.ActiveCfg = Release|Any CPU
		{B61E885A-887B-4E91-974C-AA7ADDD352D1}.Release|Any CPU.Build.0 = Release|Any CPU
		{67A89EAE-9BC9-4AA7-913D-945FB60AAB4D}.Debug|Any CPU.ActiveCfg = Debug|Any CPU
		{67A89EAE-9BC9-4AA7-913D-945FB60AAB4D}.Debug|Any CPU.Build.0 = Debug|Any CPU
		{67A89EAE-9BC9-4AA7-913D-945FB60AAB4D}.Release|Any CPU.ActiveCfg = Release|Any CPU
		{67A89EAE-9BC9-4AA7-913D-945FB60AAB4D}.Release|Any CPU.Build.0 = Release|Any CPU
		{67255F9A-ABF3-4D67-98CD-75EE38F65BC2}.Debug|Any CPU.ActiveCfg = Debug|Any CPU
		{67255F9A-ABF3-4D67-98CD-75EE38F65BC2}.Debug|Any CPU.Build.0 = Debug|Any CPU
		{67255F9A-ABF3-4D67-98CD-75EE38F65BC2}.Release|Any CPU.ActiveCfg = Release|Any CPU
		{67255F9A-ABF3-4D67-98CD-75EE38F65BC2}.Release|Any CPU.Build.0 = Release|Any CPU
		{4F93556B-04DD-4EFA-B54C-67618473AB25}.Debug|Any CPU.ActiveCfg = Debug|Any CPU
		{4F93556B-04DD-4EFA-B54C-67618473AB25}.Debug|Any CPU.Build.0 = Debug|Any CPU
		{4F93556B-04DD-4EFA-B54C-67618473AB25}.Release|Any CPU.ActiveCfg = Release|Any CPU
		{4F93556B-04DD-4EFA-B54C-67618473AB25}.Release|Any CPU.Build.0 = Release|Any CPU
		{EC9E7385-8E25-46D3-89CA-8CF39D6FB4F4}.Debug|Any CPU.ActiveCfg = Debug|Any CPU
		{EC9E7385-8E25-46D3-89CA-8CF39D6FB4F4}.Debug|Any CPU.Build.0 = Debug|Any CPU
		{EC9E7385-8E25-46D3-89CA-8CF39D6FB4F4}.Release|Any CPU.ActiveCfg = Release|Any CPU
		{EC9E7385-8E25-46D3-89CA-8CF39D6FB4F4}.Release|Any CPU.Build.0 = Release|Any CPU
		{6B5829C6-EA62-4123-A047-BEB0EDF70EF5}.Debug|Any CPU.ActiveCfg = Debug|Any CPU
		{6B5829C6-EA62-4123-A047-BEB0EDF70EF5}.Debug|Any CPU.Build.0 = Debug|Any CPU
		{6B5829C6-EA62-4123-A047-BEB0EDF70EF5}.Release|Any CPU.ActiveCfg = Release|Any CPU
		{6B5829C6-EA62-4123-A047-BEB0EDF70EF5}.Release|Any CPU.Build.0 = Release|Any CPU
		{4C99BFD5-E810-45C8-BB37-7A28F1D29D4B}.Debug|Any CPU.ActiveCfg = Debug|Any CPU
		{4C99BFD5-E810-45C8-BB37-7A28F1D29D4B}.Debug|Any CPU.Build.0 = Debug|Any CPU
		{4C99BFD5-E810-45C8-BB37-7A28F1D29D4B}.Release|Any CPU.ActiveCfg = Release|Any CPU
		{4C99BFD5-E810-45C8-BB37-7A28F1D29D4B}.Release|Any CPU.Build.0 = Release|Any CPU
		{99D0A9FC-7FB8-4B47-9FC0-F1C37FE1B4E9}.Debug|Any CPU.ActiveCfg = Debug|Any CPU
		{99D0A9FC-7FB8-4B47-9FC0-F1C37FE1B4E9}.Debug|Any CPU.Build.0 = Debug|Any CPU
		{99D0A9FC-7FB8-4B47-9FC0-F1C37FE1B4E9}.Release|Any CPU.ActiveCfg = Release|Any CPU
		{99D0A9FC-7FB8-4B47-9FC0-F1C37FE1B4E9}.Release|Any CPU.Build.0 = Release|Any CPU
		{F658D7C1-9866-46C7-B6FD-AD05C3B27D2B}.Debug|Any CPU.ActiveCfg = Debug|Any CPU
		{F658D7C1-9866-46C7-B6FD-AD05C3B27D2B}.Debug|Any CPU.Build.0 = Debug|Any CPU
		{F658D7C1-9866-46C7-B6FD-AD05C3B27D2B}.Release|Any CPU.ActiveCfg = Release|Any CPU
		{F658D7C1-9866-46C7-B6FD-AD05C3B27D2B}.Release|Any CPU.Build.0 = Release|Any CPU
		{E64D8053-482A-4239-9A82-A65A306A8AFE}.Debug|Any CPU.ActiveCfg = Debug|Any CPU
		{E64D8053-482A-4239-9A82-A65A306A8AFE}.Debug|Any CPU.Build.0 = Debug|Any CPU
		{E64D8053-482A-4239-9A82-A65A306A8AFE}.Release|Any CPU.ActiveCfg = Release|Any CPU
		{E64D8053-482A-4239-9A82-A65A306A8AFE}.Release|Any CPU.Build.0 = Release|Any CPU
		{8CB1358C-E09F-4A05-A80F-5E578F88CAF2}.Debug|Any CPU.ActiveCfg = Debug|Any CPU
		{8CB1358C-E09F-4A05-A80F-5E578F88CAF2}.Debug|Any CPU.Build.0 = Debug|Any CPU
		{8CB1358C-E09F-4A05-A80F-5E578F88CAF2}.Release|Any CPU.ActiveCfg = Release|Any CPU
		{8CB1358C-E09F-4A05-A80F-5E578F88CAF2}.Release|Any CPU.Build.0 = Release|Any CPU
		{1174AE15-A0B8-437D-BB8B-DD02E1C32EB0}.Debug|Any CPU.ActiveCfg = Debug|Any CPU
		{1174AE15-A0B8-437D-BB8B-DD02E1C32EB0}.Debug|Any CPU.Build.0 = Debug|Any CPU
		{1174AE15-A0B8-437D-BB8B-DD02E1C32EB0}.Release|Any CPU.ActiveCfg = Release|Any CPU
		{1174AE15-A0B8-437D-BB8B-DD02E1C32EB0}.Release|Any CPU.Build.0 = Release|Any CPU
		{83212176-27AB-4A2A-9CEC-25080C7D7C94}.Debug|Any CPU.ActiveCfg = Debug|Any CPU
		{83212176-27AB-4A2A-9CEC-25080C7D7C94}.Debug|Any CPU.Build.0 = Debug|Any CPU
		{83212176-27AB-4A2A-9CEC-25080C7D7C94}.Release|Any CPU.ActiveCfg = Release|Any CPU
		{83212176-27AB-4A2A-9CEC-25080C7D7C94}.Release|Any CPU.Build.0 = Release|Any CPU
		{B38FF6DD-F55D-487B-A304-E7BC66789340}.Debug|Any CPU.ActiveCfg = Debug|Any CPU
		{B38FF6DD-F55D-487B-A304-E7BC66789340}.Debug|Any CPU.Build.0 = Debug|Any CPU
		{B38FF6DD-F55D-487B-A304-E7BC66789340}.Release|Any CPU.ActiveCfg = Release|Any CPU
		{B38FF6DD-F55D-487B-A304-E7BC66789340}.Release|Any CPU.Build.0 = Release|Any CPU
		{37397A38-E0F2-434F-B0AA-99FA1EFE4558}.Debug|Any CPU.ActiveCfg = Debug|Any CPU
		{37397A38-E0F2-434F-B0AA-99FA1EFE4558}.Debug|Any CPU.Build.0 = Debug|Any CPU
		{37397A38-E0F2-434F-B0AA-99FA1EFE4558}.Release|Any CPU.ActiveCfg = Release|Any CPU
		{37397A38-E0F2-434F-B0AA-99FA1EFE4558}.Release|Any CPU.Build.0 = Release|Any CPU
		{181978AC-D637-45E1-BC59-FE9BD42AE0C2}.Debug|Any CPU.ActiveCfg = Debug|Any CPU
		{181978AC-D637-45E1-BC59-FE9BD42AE0C2}.Debug|Any CPU.Build.0 = Debug|Any CPU
		{181978AC-D637-45E1-BC59-FE9BD42AE0C2}.Release|Any CPU.ActiveCfg = Release|Any CPU
		{181978AC-D637-45E1-BC59-FE9BD42AE0C2}.Release|Any CPU.Build.0 = Release|Any CPU
		{5E444051-2BCD-4AEB-AA12-7CE0A20E31B8}.Debug|Any CPU.ActiveCfg = Debug|Any CPU
		{5E444051-2BCD-4AEB-AA12-7CE0A20E31B8}.Debug|Any CPU.Build.0 = Debug|Any CPU
		{5E444051-2BCD-4AEB-AA12-7CE0A20E31B8}.Release|Any CPU.ActiveCfg = Release|Any CPU
		{5E444051-2BCD-4AEB-AA12-7CE0A20E31B8}.Release|Any CPU.Build.0 = Release|Any CPU
		{C1418755-0840-4DB7-9978-7688822F275B}.Debug|Any CPU.ActiveCfg = Debug|Any CPU
		{C1418755-0840-4DB7-9978-7688822F275B}.Debug|Any CPU.Build.0 = Debug|Any CPU
		{C1418755-0840-4DB7-9978-7688822F275B}.Release|Any CPU.ActiveCfg = Release|Any CPU
		{C1418755-0840-4DB7-9978-7688822F275B}.Release|Any CPU.Build.0 = Release|Any CPU
		{99A18B76-07CB-496F-889A-2FEEE9CCD677}.Debug|Any CPU.ActiveCfg = Debug|Any CPU
		{99A18B76-07CB-496F-889A-2FEEE9CCD677}.Debug|Any CPU.Build.0 = Debug|Any CPU
		{99A18B76-07CB-496F-889A-2FEEE9CCD677}.Release|Any CPU.ActiveCfg = Release|Any CPU
		{99A18B76-07CB-496F-889A-2FEEE9CCD677}.Release|Any CPU.Build.0 = Release|Any CPU
		{F4B7E734-EC3F-46FE-9353-A8572B9E1742}.Debug|Any CPU.ActiveCfg = Debug|Any CPU
		{F4B7E734-EC3F-46FE-9353-A8572B9E1742}.Debug|Any CPU.Build.0 = Debug|Any CPU
		{F4B7E734-EC3F-46FE-9353-A8572B9E1742}.Release|Any CPU.ActiveCfg = Release|Any CPU
		{F4B7E734-EC3F-46FE-9353-A8572B9E1742}.Release|Any CPU.Build.0 = Release|Any CPU
		{AA847559-E15C-49B8-88DB-5D58EC5EFD3A}.Debug|Any CPU.ActiveCfg = Debug|Any CPU
		{AA847559-E15C-49B8-88DB-5D58EC5EFD3A}.Debug|Any CPU.Build.0 = Debug|Any CPU
		{AA847559-E15C-49B8-88DB-5D58EC5EFD3A}.Release|Any CPU.ActiveCfg = Release|Any CPU
		{AA847559-E15C-49B8-88DB-5D58EC5EFD3A}.Release|Any CPU.Build.0 = Release|Any CPU
		{5811D322-2859-4182-B8A2-7AFC3FC19F20}.Debug|Any CPU.ActiveCfg = Debug|Any CPU
		{5811D322-2859-4182-B8A2-7AFC3FC19F20}.Debug|Any CPU.Build.0 = Debug|Any CPU
		{5811D322-2859-4182-B8A2-7AFC3FC19F20}.Release|Any CPU.ActiveCfg = Release|Any CPU
		{5811D322-2859-4182-B8A2-7AFC3FC19F20}.Release|Any CPU.Build.0 = Release|Any CPU
		{49D753B7-85E4-490C-A420-7E897301689B}.Debug|Any CPU.ActiveCfg = Debug|Any CPU
		{49D753B7-85E4-490C-A420-7E897301689B}.Debug|Any CPU.Build.0 = Debug|Any CPU
		{49D753B7-85E4-490C-A420-7E897301689B}.Release|Any CPU.ActiveCfg = Release|Any CPU
		{49D753B7-85E4-490C-A420-7E897301689B}.Release|Any CPU.Build.0 = Release|Any CPU
		{433D7B1E-0357-4D20-A56A-6E6452131101}.Debug|Any CPU.ActiveCfg = Debug|Any CPU
		{433D7B1E-0357-4D20-A56A-6E6452131101}.Debug|Any CPU.Build.0 = Debug|Any CPU
		{433D7B1E-0357-4D20-A56A-6E6452131101}.Release|Any CPU.ActiveCfg = Release|Any CPU
		{433D7B1E-0357-4D20-A56A-6E6452131101}.Release|Any CPU.Build.0 = Release|Any CPU
		{311C2BA4-53AD-45D1-B39F-9D175004A184}.Debug|Any CPU.ActiveCfg = Debug|Any CPU
		{311C2BA4-53AD-45D1-B39F-9D175004A184}.Debug|Any CPU.Build.0 = Debug|Any CPU
		{311C2BA4-53AD-45D1-B39F-9D175004A184}.Release|Any CPU.ActiveCfg = Release|Any CPU
		{311C2BA4-53AD-45D1-B39F-9D175004A184}.Release|Any CPU.Build.0 = Release|Any CPU
		{2AD1AE83-F2BB-4C59-858E-202AB9B53C82}.Debug|Any CPU.ActiveCfg = Debug|Any CPU
		{2AD1AE83-F2BB-4C59-858E-202AB9B53C82}.Debug|Any CPU.Build.0 = Debug|Any CPU
		{2AD1AE83-F2BB-4C59-858E-202AB9B53C82}.Release|Any CPU.ActiveCfg = Release|Any CPU
		{2AD1AE83-F2BB-4C59-858E-202AB9B53C82}.Release|Any CPU.Build.0 = Release|Any CPU
		{630C836D-44DA-429E-B500-C036EB44E412}.Debug|Any CPU.ActiveCfg = Debug|Any CPU
		{630C836D-44DA-429E-B500-C036EB44E412}.Debug|Any CPU.Build.0 = Debug|Any CPU
		{630C836D-44DA-429E-B500-C036EB44E412}.Release|Any CPU.ActiveCfg = Release|Any CPU
		{630C836D-44DA-429E-B500-C036EB44E412}.Release|Any CPU.Build.0 = Release|Any CPU
		{0C868395-98C3-4285-BB81-3205A33E78D6}.Debug|Any CPU.ActiveCfg = Debug|Any CPU
		{0C868395-98C3-4285-BB81-3205A33E78D6}.Debug|Any CPU.Build.0 = Debug|Any CPU
		{0C868395-98C3-4285-BB81-3205A33E78D6}.Release|Any CPU.ActiveCfg = Release|Any CPU
		{0C868395-98C3-4285-BB81-3205A33E78D6}.Release|Any CPU.Build.0 = Release|Any CPU
		{0FA42BAC-6B4A-4EAE-A942-F5A391A288F4}.Debug|Any CPU.ActiveCfg = Debug|Any CPU
		{0FA42BAC-6B4A-4EAE-A942-F5A391A288F4}.Debug|Any CPU.Build.0 = Debug|Any CPU
		{0FA42BAC-6B4A-4EAE-A942-F5A391A288F4}.Release|Any CPU.ActiveCfg = Release|Any CPU
		{0FA42BAC-6B4A-4EAE-A942-F5A391A288F4}.Release|Any CPU.Build.0 = Release|Any CPU
		{060D380B-C317-438D-8F24-848846DB9BD4}.Debug|Any CPU.ActiveCfg = Debug|Any CPU
		{060D380B-C317-438D-8F24-848846DB9BD4}.Debug|Any CPU.Build.0 = Debug|Any CPU
		{060D380B-C317-438D-8F24-848846DB9BD4}.Release|Any CPU.ActiveCfg = Release|Any CPU
		{060D380B-C317-438D-8F24-848846DB9BD4}.Release|Any CPU.Build.0 = Release|Any CPU
		{4B8461B3-2A30-4F24-8D1C-174E83580EAC}.Debug|Any CPU.ActiveCfg = Debug|Any CPU
		{4B8461B3-2A30-4F24-8D1C-174E83580EAC}.Debug|Any CPU.Build.0 = Debug|Any CPU
		{4B8461B3-2A30-4F24-8D1C-174E83580EAC}.Release|Any CPU.ActiveCfg = Release|Any CPU
		{4B8461B3-2A30-4F24-8D1C-174E83580EAC}.Release|Any CPU.Build.0 = Release|Any CPU
		{421CB98C-AC5E-4373-8F01-1D065AFE9CFF}.Debug|Any CPU.ActiveCfg = Debug|Any CPU
		{421CB98C-AC5E-4373-8F01-1D065AFE9CFF}.Debug|Any CPU.Build.0 = Debug|Any CPU
		{421CB98C-AC5E-4373-8F01-1D065AFE9CFF}.Release|Any CPU.ActiveCfg = Release|Any CPU
		{421CB98C-AC5E-4373-8F01-1D065AFE9CFF}.Release|Any CPU.Build.0 = Release|Any CPU
		{8CE08DED-3B89-467D-B3B2-3AB3A250DD53}.Debug|Any CPU.ActiveCfg = Debug|Any CPU
		{8CE08DED-3B89-467D-B3B2-3AB3A250DD53}.Debug|Any CPU.Build.0 = Debug|Any CPU
		{8CE08DED-3B89-467D-B3B2-3AB3A250DD53}.Release|Any CPU.ActiveCfg = Release|Any CPU
		{8CE08DED-3B89-467D-B3B2-3AB3A250DD53}.Release|Any CPU.Build.0 = Release|Any CPU
		{ED752A9A-9147-4886-A49F-FEAC402E5D2C}.Debug|Any CPU.ActiveCfg = Debug|Any CPU
		{ED752A9A-9147-4886-A49F-FEAC402E5D2C}.Debug|Any CPU.Build.0 = Debug|Any CPU
		{ED752A9A-9147-4886-A49F-FEAC402E5D2C}.Release|Any CPU.ActiveCfg = Release|Any CPU
		{ED752A9A-9147-4886-A49F-FEAC402E5D2C}.Release|Any CPU.Build.0 = Release|Any CPU
		{5B18F16C-411B-4014-B7AA-8875990C608F}.Debug|Any CPU.ActiveCfg = Debug|Any CPU
		{5B18F16C-411B-4014-B7AA-8875990C608F}.Debug|Any CPU.Build.0 = Debug|Any CPU
		{5B18F16C-411B-4014-B7AA-8875990C608F}.Release|Any CPU.ActiveCfg = Release|Any CPU
		{5B18F16C-411B-4014-B7AA-8875990C608F}.Release|Any CPU.Build.0 = Release|Any CPU
		{8EBC1195-8A08-4511-8466-3B8501AC0866}.Debug|Any CPU.ActiveCfg = Debug|Any CPU
		{8EBC1195-8A08-4511-8466-3B8501AC0866}.Debug|Any CPU.Build.0 = Debug|Any CPU
		{8EBC1195-8A08-4511-8466-3B8501AC0866}.Release|Any CPU.ActiveCfg = Release|Any CPU
		{8EBC1195-8A08-4511-8466-3B8501AC0866}.Release|Any CPU.Build.0 = Release|Any CPU
		{B83B48A9-F16B-4952-867F-29057CB2C1A7}.Debug|Any CPU.ActiveCfg = Debug|Any CPU
		{B83B48A9-F16B-4952-867F-29057CB2C1A7}.Debug|Any CPU.Build.0 = Debug|Any CPU
		{B83B48A9-F16B-4952-867F-29057CB2C1A7}.Release|Any CPU.ActiveCfg = Release|Any CPU
		{B83B48A9-F16B-4952-867F-29057CB2C1A7}.Release|Any CPU.Build.0 = Release|Any CPU
		{056A1CA4-90C1-44EB-9D43-392B30AE6B2F}.Debug|Any CPU.ActiveCfg = Debug|Any CPU
		{056A1CA4-90C1-44EB-9D43-392B30AE6B2F}.Debug|Any CPU.Build.0 = Debug|Any CPU
		{056A1CA4-90C1-44EB-9D43-392B30AE6B2F}.Release|Any CPU.ActiveCfg = Release|Any CPU
		{056A1CA4-90C1-44EB-9D43-392B30AE6B2F}.Release|Any CPU.Build.0 = Release|Any CPU
		{54903F82-01BD-4403-8298-71B626F08536}.Debug|Any CPU.ActiveCfg = Debug|Any CPU
		{54903F82-01BD-4403-8298-71B626F08536}.Debug|Any CPU.Build.0 = Debug|Any CPU
		{54903F82-01BD-4403-8298-71B626F08536}.Release|Any CPU.ActiveCfg = Release|Any CPU
		{54903F82-01BD-4403-8298-71B626F08536}.Release|Any CPU.Build.0 = Release|Any CPU
		{C64562F9-7878-4AC8-B4F2-30A907A467EC}.Debug|Any CPU.ActiveCfg = Debug|Any CPU
		{C64562F9-7878-4AC8-B4F2-30A907A467EC}.Debug|Any CPU.Build.0 = Debug|Any CPU
		{C64562F9-7878-4AC8-B4F2-30A907A467EC}.Release|Any CPU.ActiveCfg = Release|Any CPU
		{C64562F9-7878-4AC8-B4F2-30A907A467EC}.Release|Any CPU.Build.0 = Release|Any CPU
		{4AB5D7E0-B37D-4076-AB0F-1EF857C3CE88}.Debug|Any CPU.ActiveCfg = Debug|Any CPU
		{4AB5D7E0-B37D-4076-AB0F-1EF857C3CE88}.Debug|Any CPU.Build.0 = Debug|Any CPU
		{4AB5D7E0-B37D-4076-AB0F-1EF857C3CE88}.Release|Any CPU.ActiveCfg = Release|Any CPU
		{4AB5D7E0-B37D-4076-AB0F-1EF857C3CE88}.Release|Any CPU.Build.0 = Release|Any CPU
		{BF0328B2-FBD5-41F9-99F8-04835A11790E}.Debug|Any CPU.ActiveCfg = Debug|Any CPU
		{BF0328B2-FBD5-41F9-99F8-04835A11790E}.Debug|Any CPU.Build.0 = Debug|Any CPU
		{BF0328B2-FBD5-41F9-99F8-04835A11790E}.Release|Any CPU.ActiveCfg = Release|Any CPU
		{BF0328B2-FBD5-41F9-99F8-04835A11790E}.Release|Any CPU.Build.0 = Release|Any CPU
		{D34D6276-77E5-4079-9894-8F6DB90B8881}.Debug|Any CPU.ActiveCfg = Debug|Any CPU
		{D34D6276-77E5-4079-9894-8F6DB90B8881}.Debug|Any CPU.Build.0 = Debug|Any CPU
		{D34D6276-77E5-4079-9894-8F6DB90B8881}.Release|Any CPU.ActiveCfg = Release|Any CPU
		{D34D6276-77E5-4079-9894-8F6DB90B8881}.Release|Any CPU.Build.0 = Release|Any CPU
		{B458F9EF-F713-4292-BD12-EB03C1BF6252}.Debug|Any CPU.ActiveCfg = Debug|Any CPU
		{B458F9EF-F713-4292-BD12-EB03C1BF6252}.Debug|Any CPU.Build.0 = Debug|Any CPU
		{B458F9EF-F713-4292-BD12-EB03C1BF6252}.Release|Any CPU.ActiveCfg = Release|Any CPU
		{B458F9EF-F713-4292-BD12-EB03C1BF6252}.Release|Any CPU.Build.0 = Release|Any CPU
		{1CAC4578-5F04-4AC1-B14F-4DA694DE3B91}.Debug|Any CPU.ActiveCfg = Debug|Any CPU
		{1CAC4578-5F04-4AC1-B14F-4DA694DE3B91}.Debug|Any CPU.Build.0 = Debug|Any CPU
		{1CAC4578-5F04-4AC1-B14F-4DA694DE3B91}.Release|Any CPU.ActiveCfg = Release|Any CPU
		{1CAC4578-5F04-4AC1-B14F-4DA694DE3B91}.Release|Any CPU.Build.0 = Release|Any CPU
		{F73FDED0-476C-43DB-ACAF-85D08EF8D547}.Debug|Any CPU.ActiveCfg = Debug|Any CPU
		{F73FDED0-476C-43DB-ACAF-85D08EF8D547}.Debug|Any CPU.Build.0 = Debug|Any CPU
		{F73FDED0-476C-43DB-ACAF-85D08EF8D547}.Release|Any CPU.ActiveCfg = Release|Any CPU
		{F73FDED0-476C-43DB-ACAF-85D08EF8D547}.Release|Any CPU.Build.0 = Release|Any CPU
		{DB82E4E5-2CEB-40AA-84D5-CDCD10BE4434}.Debug|Any CPU.ActiveCfg = Debug|Any CPU
		{DB82E4E5-2CEB-40AA-84D5-CDCD10BE4434}.Debug|Any CPU.Build.0 = Debug|Any CPU
		{DB82E4E5-2CEB-40AA-84D5-CDCD10BE4434}.Release|Any CPU.ActiveCfg = Release|Any CPU
		{DB82E4E5-2CEB-40AA-84D5-CDCD10BE4434}.Release|Any CPU.Build.0 = Release|Any CPU
		{FC2491BB-7A1B-4CD3-BD54-B5CCF5D005BE}.Debug|Any CPU.ActiveCfg = Debug|Any CPU
		{FC2491BB-7A1B-4CD3-BD54-B5CCF5D005BE}.Debug|Any CPU.Build.0 = Debug|Any CPU
		{FC2491BB-7A1B-4CD3-BD54-B5CCF5D005BE}.Release|Any CPU.ActiveCfg = Release|Any CPU
		{FC2491BB-7A1B-4CD3-BD54-B5CCF5D005BE}.Release|Any CPU.Build.0 = Release|Any CPU
		{11E9B3DE-AC85-44A3-9966-430D91ABA378}.Debug|Any CPU.ActiveCfg = Debug|Any CPU
		{11E9B3DE-AC85-44A3-9966-430D91ABA378}.Debug|Any CPU.Build.0 = Debug|Any CPU
		{11E9B3DE-AC85-44A3-9966-430D91ABA378}.Release|Any CPU.ActiveCfg = Release|Any CPU
		{11E9B3DE-AC85-44A3-9966-430D91ABA378}.Release|Any CPU.Build.0 = Release|Any CPU
		{9EB7F7A3-3310-49E2-9827-F8BAA653475A}.Debug|Any CPU.ActiveCfg = Debug|Any CPU
		{9EB7F7A3-3310-49E2-9827-F8BAA653475A}.Debug|Any CPU.Build.0 = Debug|Any CPU
		{9EB7F7A3-3310-49E2-9827-F8BAA653475A}.Release|Any CPU.ActiveCfg = Release|Any CPU
		{9EB7F7A3-3310-49E2-9827-F8BAA653475A}.Release|Any CPU.Build.0 = Release|Any CPU
		{9C908E78-39A4-462A-8F9E-38553169D3AF}.Debug|Any CPU.ActiveCfg = Debug|Any CPU
		{9C908E78-39A4-462A-8F9E-38553169D3AF}.Debug|Any CPU.Build.0 = Debug|Any CPU
		{9C908E78-39A4-462A-8F9E-38553169D3AF}.Release|Any CPU.ActiveCfg = Release|Any CPU
		{9C908E78-39A4-462A-8F9E-38553169D3AF}.Release|Any CPU.Build.0 = Release|Any CPU
		{5DBB4E16-6CB7-414B-9EE5-B98B0A278096}.Debug|Any CPU.ActiveCfg = Debug|Any CPU
		{5DBB4E16-6CB7-414B-9EE5-B98B0A278096}.Debug|Any CPU.Build.0 = Debug|Any CPU
		{5DBB4E16-6CB7-414B-9EE5-B98B0A278096}.Release|Any CPU.ActiveCfg = Release|Any CPU
		{5DBB4E16-6CB7-414B-9EE5-B98B0A278096}.Release|Any CPU.Build.0 = Release|Any CPU
		{91338C0F-AAB9-485F-91D8-83A6BD805ED5}.Debug|Any CPU.ActiveCfg = Debug|Any CPU
		{91338C0F-AAB9-485F-91D8-83A6BD805ED5}.Debug|Any CPU.Build.0 = Debug|Any CPU
		{91338C0F-AAB9-485F-91D8-83A6BD805ED5}.Release|Any CPU.ActiveCfg = Release|Any CPU
		{91338C0F-AAB9-485F-91D8-83A6BD805ED5}.Release|Any CPU.Build.0 = Release|Any CPU
		{DE2CCD4F-FC97-4963-B6E3-E1B1B7F2E774}.Debug|Any CPU.ActiveCfg = Debug|Any CPU
		{DE2CCD4F-FC97-4963-B6E3-E1B1B7F2E774}.Debug|Any CPU.Build.0 = Debug|Any CPU
		{DE2CCD4F-FC97-4963-B6E3-E1B1B7F2E774}.Release|Any CPU.ActiveCfg = Release|Any CPU
		{DE2CCD4F-FC97-4963-B6E3-E1B1B7F2E774}.Release|Any CPU.Build.0 = Release|Any CPU
		{1BB617F4-F081-4F04-B21C-EF909D22414B}.Debug|Any CPU.ActiveCfg = Debug|Any CPU
		{1BB617F4-F081-4F04-B21C-EF909D22414B}.Debug|Any CPU.Build.0 = Debug|Any CPU
		{1BB617F4-F081-4F04-B21C-EF909D22414B}.Release|Any CPU.ActiveCfg = Release|Any CPU
		{1BB617F4-F081-4F04-B21C-EF909D22414B}.Release|Any CPU.Build.0 = Release|Any CPU
		{DBE0874D-DD4C-4E7B-9CEA-E4D7237E3743}.Debug|Any CPU.ActiveCfg = Debug|Any CPU
		{DBE0874D-DD4C-4E7B-9CEA-E4D7237E3743}.Debug|Any CPU.Build.0 = Debug|Any CPU
		{DBE0874D-DD4C-4E7B-9CEA-E4D7237E3743}.Release|Any CPU.ActiveCfg = Release|Any CPU
		{DBE0874D-DD4C-4E7B-9CEA-E4D7237E3743}.Release|Any CPU.Build.0 = Release|Any CPU
		{71A37947-8C5F-4D27-94B7-39F4597002F2}.Debug|Any CPU.ActiveCfg = Debug|Any CPU
		{71A37947-8C5F-4D27-94B7-39F4597002F2}.Debug|Any CPU.Build.0 = Debug|Any CPU
		{71A37947-8C5F-4D27-94B7-39F4597002F2}.Release|Any CPU.ActiveCfg = Release|Any CPU
		{71A37947-8C5F-4D27-94B7-39F4597002F2}.Release|Any CPU.Build.0 = Release|Any CPU
		{053A4358-2D63-40AA-A67C-E3849E3408B8}.Debug|Any CPU.ActiveCfg = Debug|Any CPU
		{053A4358-2D63-40AA-A67C-E3849E3408B8}.Debug|Any CPU.Build.0 = Debug|Any CPU
		{053A4358-2D63-40AA-A67C-E3849E3408B8}.Release|Any CPU.ActiveCfg = Release|Any CPU
		{053A4358-2D63-40AA-A67C-E3849E3408B8}.Release|Any CPU.Build.0 = Release|Any CPU
		{F306C5FD-C2D1-4893-B18B-9362A230C5E6}.Debug|Any CPU.ActiveCfg = Debug|Any CPU
		{F306C5FD-C2D1-4893-B18B-9362A230C5E6}.Debug|Any CPU.Build.0 = Debug|Any CPU
		{F306C5FD-C2D1-4893-B18B-9362A230C5E6}.Release|Any CPU.ActiveCfg = Release|Any CPU
		{F306C5FD-C2D1-4893-B18B-9362A230C5E6}.Release|Any CPU.Build.0 = Release|Any CPU
		{AFFFDA3C-E789-4077-94B6-C8A607DA7EA9}.Debug|Any CPU.ActiveCfg = Debug|Any CPU
		{AFFFDA3C-E789-4077-94B6-C8A607DA7EA9}.Debug|Any CPU.Build.0 = Debug|Any CPU
		{AFFFDA3C-E789-4077-94B6-C8A607DA7EA9}.Release|Any CPU.ActiveCfg = Release|Any CPU
		{AFFFDA3C-E789-4077-94B6-C8A607DA7EA9}.Release|Any CPU.Build.0 = Release|Any CPU
		{DA784789-0DC4-41B0-B213-B2AD0C7F0CB0}.Debug|Any CPU.ActiveCfg = Debug|Any CPU
		{DA784789-0DC4-41B0-B213-B2AD0C7F0CB0}.Debug|Any CPU.Build.0 = Debug|Any CPU
		{DA784789-0DC4-41B0-B213-B2AD0C7F0CB0}.Release|Any CPU.ActiveCfg = Release|Any CPU
		{DA784789-0DC4-41B0-B213-B2AD0C7F0CB0}.Release|Any CPU.Build.0 = Release|Any CPU
		{2731E420-5BBC-4225-BF6E-C3A0EBACA67A}.Debug|Any CPU.ActiveCfg = Debug|Any CPU
		{2731E420-5BBC-4225-BF6E-C3A0EBACA67A}.Debug|Any CPU.Build.0 = Debug|Any CPU
		{2731E420-5BBC-4225-BF6E-C3A0EBACA67A}.Release|Any CPU.ActiveCfg = Release|Any CPU
		{2731E420-5BBC-4225-BF6E-C3A0EBACA67A}.Release|Any CPU.Build.0 = Release|Any CPU
		{3F0D1508-82D9-4282-9C9B-4808AAD3CA6B}.Debug|Any CPU.ActiveCfg = Debug|Any CPU
		{3F0D1508-82D9-4282-9C9B-4808AAD3CA6B}.Debug|Any CPU.Build.0 = Debug|Any CPU
		{3F0D1508-82D9-4282-9C9B-4808AAD3CA6B}.Release|Any CPU.ActiveCfg = Release|Any CPU
		{3F0D1508-82D9-4282-9C9B-4808AAD3CA6B}.Release|Any CPU.Build.0 = Release|Any CPU
		{41CA699E-EF0A-4083-B28F-80094133885C}.Debug|Any CPU.ActiveCfg = Debug|Any CPU
		{41CA699E-EF0A-4083-B28F-80094133885C}.Debug|Any CPU.Build.0 = Debug|Any CPU
		{41CA699E-EF0A-4083-B28F-80094133885C}.Release|Any CPU.ActiveCfg = Release|Any CPU
		{41CA699E-EF0A-4083-B28F-80094133885C}.Release|Any CPU.Build.0 = Release|Any CPU
		{AE5A99C3-3089-414A-8C36-3523A18E8D49}.Debug|Any CPU.ActiveCfg = Debug|Any CPU
		{AE5A99C3-3089-414A-8C36-3523A18E8D49}.Debug|Any CPU.Build.0 = Debug|Any CPU
		{AE5A99C3-3089-414A-8C36-3523A18E8D49}.Release|Any CPU.ActiveCfg = Release|Any CPU
		{AE5A99C3-3089-414A-8C36-3523A18E8D49}.Release|Any CPU.Build.0 = Release|Any CPU
		{3D5A2387-C247-4235-9A88-7DF2336007A2}.Debug|Any CPU.ActiveCfg = Debug|Any CPU
		{3D5A2387-C247-4235-9A88-7DF2336007A2}.Debug|Any CPU.Build.0 = Debug|Any CPU
		{3D5A2387-C247-4235-9A88-7DF2336007A2}.Release|Any CPU.ActiveCfg = Release|Any CPU
		{3D5A2387-C247-4235-9A88-7DF2336007A2}.Release|Any CPU.Build.0 = Release|Any CPU
		{9D1EFAE7-7C09-400E-AC76-09B8EED94CA7}.Debug|Any CPU.ActiveCfg = Debug|Any CPU
		{9D1EFAE7-7C09-400E-AC76-09B8EED94CA7}.Debug|Any CPU.Build.0 = Debug|Any CPU
		{9D1EFAE7-7C09-400E-AC76-09B8EED94CA7}.Release|Any CPU.ActiveCfg = Release|Any CPU
		{9D1EFAE7-7C09-400E-AC76-09B8EED94CA7}.Release|Any CPU.Build.0 = Release|Any CPU
		{86F795C8-A947-4B73-80B9-8B4A7ADAFFAF}.Debug|Any CPU.ActiveCfg = Debug|Any CPU
		{86F795C8-A947-4B73-80B9-8B4A7ADAFFAF}.Debug|Any CPU.Build.0 = Debug|Any CPU
		{86F795C8-A947-4B73-80B9-8B4A7ADAFFAF}.Release|Any CPU.ActiveCfg = Release|Any CPU
		{86F795C8-A947-4B73-80B9-8B4A7ADAFFAF}.Release|Any CPU.Build.0 = Release|Any CPU
		{A7F61365-8823-4D75-89B6-FB67721ED93E}.Debug|Any CPU.ActiveCfg = Debug|Any CPU
		{A7F61365-8823-4D75-89B6-FB67721ED93E}.Debug|Any CPU.Build.0 = Debug|Any CPU
		{A7F61365-8823-4D75-89B6-FB67721ED93E}.Release|Any CPU.ActiveCfg = Release|Any CPU
		{A7F61365-8823-4D75-89B6-FB67721ED93E}.Release|Any CPU.Build.0 = Release|Any CPU
		{017CD415-A53E-4038-8436-A1DE2DFF6109}.Debug|Any CPU.ActiveCfg = Debug|Any CPU
		{017CD415-A53E-4038-8436-A1DE2DFF6109}.Debug|Any CPU.Build.0 = Debug|Any CPU
		{017CD415-A53E-4038-8436-A1DE2DFF6109}.Release|Any CPU.ActiveCfg = Release|Any CPU
		{017CD415-A53E-4038-8436-A1DE2DFF6109}.Release|Any CPU.Build.0 = Release|Any CPU
		{F13D3026-273F-48E5-A05F-DF7AB1167EB7}.Debug|Any CPU.ActiveCfg = Debug|Any CPU
		{F13D3026-273F-48E5-A05F-DF7AB1167EB7}.Debug|Any CPU.Build.0 = Debug|Any CPU
		{F13D3026-273F-48E5-A05F-DF7AB1167EB7}.Release|Any CPU.ActiveCfg = Release|Any CPU
		{F13D3026-273F-48E5-A05F-DF7AB1167EB7}.Release|Any CPU.Build.0 = Release|Any CPU
		{F22C76DA-F16A-4935-8401-696BEF6F88CF}.Debug|Any CPU.ActiveCfg = Debug|Any CPU
		{F22C76DA-F16A-4935-8401-696BEF6F88CF}.Debug|Any CPU.Build.0 = Debug|Any CPU
		{F22C76DA-F16A-4935-8401-696BEF6F88CF}.Release|Any CPU.ActiveCfg = Release|Any CPU
		{F22C76DA-F16A-4935-8401-696BEF6F88CF}.Release|Any CPU.Build.0 = Release|Any CPU
		{17460138-736D-4836-A89B-00C276382580}.Debug|Any CPU.ActiveCfg = Debug|Any CPU
		{17460138-736D-4836-A89B-00C276382580}.Debug|Any CPU.Build.0 = Debug|Any CPU
		{17460138-736D-4836-A89B-00C276382580}.Release|Any CPU.ActiveCfg = Release|Any CPU
		{17460138-736D-4836-A89B-00C276382580}.Release|Any CPU.Build.0 = Release|Any CPU
		{9CCF0DD8-06F7-487E-B9D8-54111AFB62E8}.Debug|Any CPU.ActiveCfg = Debug|Any CPU
		{9CCF0DD8-06F7-487E-B9D8-54111AFB62E8}.Debug|Any CPU.Build.0 = Debug|Any CPU
		{9CCF0DD8-06F7-487E-B9D8-54111AFB62E8}.Release|Any CPU.ActiveCfg = Release|Any CPU
		{9CCF0DD8-06F7-487E-B9D8-54111AFB62E8}.Release|Any CPU.Build.0 = Release|Any CPU
		{1D8662E3-8829-4317-A411-B132147764FD}.Debug|Any CPU.ActiveCfg = Debug|Any CPU
		{1D8662E3-8829-4317-A411-B132147764FD}.Debug|Any CPU.Build.0 = Debug|Any CPU
		{1D8662E3-8829-4317-A411-B132147764FD}.Release|Any CPU.ActiveCfg = Release|Any CPU
		{1D8662E3-8829-4317-A411-B132147764FD}.Release|Any CPU.Build.0 = Release|Any CPU
		{97ECC15C-5DE9-4920-A478-A16946F330FF}.Debug|Any CPU.ActiveCfg = Debug|Any CPU
		{97ECC15C-5DE9-4920-A478-A16946F330FF}.Debug|Any CPU.Build.0 = Debug|Any CPU
		{97ECC15C-5DE9-4920-A478-A16946F330FF}.Release|Any CPU.ActiveCfg = Release|Any CPU
		{97ECC15C-5DE9-4920-A478-A16946F330FF}.Release|Any CPU.Build.0 = Release|Any CPU
		{A0CB6CF6-0EEA-4AAB-A38B-26EA14CD6CDF}.Debug|Any CPU.ActiveCfg = Debug|Any CPU
		{A0CB6CF6-0EEA-4AAB-A38B-26EA14CD6CDF}.Debug|Any CPU.Build.0 = Debug|Any CPU
		{A0CB6CF6-0EEA-4AAB-A38B-26EA14CD6CDF}.Release|Any CPU.ActiveCfg = Release|Any CPU
		{A0CB6CF6-0EEA-4AAB-A38B-26EA14CD6CDF}.Release|Any CPU.Build.0 = Release|Any CPU
		{F102EE53-00B0-43BD-A300-6237CD2F1105}.Debug|Any CPU.ActiveCfg = Debug|Any CPU
		{F102EE53-00B0-43BD-A300-6237CD2F1105}.Debug|Any CPU.Build.0 = Debug|Any CPU
		{F102EE53-00B0-43BD-A300-6237CD2F1105}.Release|Any CPU.ActiveCfg = Release|Any CPU
		{F102EE53-00B0-43BD-A300-6237CD2F1105}.Release|Any CPU.Build.0 = Release|Any CPU
		{0328BC21-F406-4DF5-AD96-B5B446BE2478}.Debug|Any CPU.ActiveCfg = Debug|Any CPU
		{0328BC21-F406-4DF5-AD96-B5B446BE2478}.Debug|Any CPU.Build.0 = Debug|Any CPU
		{0328BC21-F406-4DF5-AD96-B5B446BE2478}.Release|Any CPU.ActiveCfg = Release|Any CPU
		{0328BC21-F406-4DF5-AD96-B5B446BE2478}.Release|Any CPU.Build.0 = Release|Any CPU
		{DD26160A-EF96-43B3-B2DF-80A5E3735FE4}.Debug|Any CPU.ActiveCfg = Debug|Any CPU
		{DD26160A-EF96-43B3-B2DF-80A5E3735FE4}.Debug|Any CPU.Build.0 = Debug|Any CPU
		{DD26160A-EF96-43B3-B2DF-80A5E3735FE4}.Release|Any CPU.ActiveCfg = Release|Any CPU
		{DD26160A-EF96-43B3-B2DF-80A5E3735FE4}.Release|Any CPU.Build.0 = Release|Any CPU
		{E703FE76-D304-4E5B-9F4F-0C574E99EC78}.Debug|Any CPU.ActiveCfg = Debug|Any CPU
		{E703FE76-D304-4E5B-9F4F-0C574E99EC78}.Debug|Any CPU.Build.0 = Debug|Any CPU
		{E703FE76-D304-4E5B-9F4F-0C574E99EC78}.Release|Any CPU.ActiveCfg = Release|Any CPU
		{E703FE76-D304-4E5B-9F4F-0C574E99EC78}.Release|Any CPU.Build.0 = Release|Any CPU
		{1898CC59-E67A-4577-8A56-2D9D2A43227A}.Debug|Any CPU.ActiveCfg = Debug|Any CPU
		{1898CC59-E67A-4577-8A56-2D9D2A43227A}.Debug|Any CPU.Build.0 = Debug|Any CPU
		{1898CC59-E67A-4577-8A56-2D9D2A43227A}.Release|Any CPU.ActiveCfg = Release|Any CPU
		{1898CC59-E67A-4577-8A56-2D9D2A43227A}.Release|Any CPU.Build.0 = Release|Any CPU
		{BE57FD76-9961-48C3-AF74-6F82B7519394}.Debug|Any CPU.ActiveCfg = Debug|Any CPU
		{BE57FD76-9961-48C3-AF74-6F82B7519394}.Debug|Any CPU.Build.0 = Debug|Any CPU
		{BE57FD76-9961-48C3-AF74-6F82B7519394}.Release|Any CPU.ActiveCfg = Release|Any CPU
		{BE57FD76-9961-48C3-AF74-6F82B7519394}.Release|Any CPU.Build.0 = Release|Any CPU
		{357682AA-2AF9-4ED0-8653-679B4DF3D3A2}.Debug|Any CPU.ActiveCfg = Debug|Any CPU
		{357682AA-2AF9-4ED0-8653-679B4DF3D3A2}.Debug|Any CPU.Build.0 = Debug|Any CPU
		{357682AA-2AF9-4ED0-8653-679B4DF3D3A2}.Release|Any CPU.ActiveCfg = Release|Any CPU
		{357682AA-2AF9-4ED0-8653-679B4DF3D3A2}.Release|Any CPU.Build.0 = Release|Any CPU
	EndGlobalSection
	GlobalSection(SolutionProperties) = preSolution
		HideSolutionNode = FALSE
	EndGlobalSection
	GlobalSection(ExtensibilityGlobals) = postSolution
		SolutionGuid = {5D920F64-2AD1-453A-9076-73113AF195E6}
	EndGlobalSection
EndGlobal
