
Microsoft Visual Studio Solution File, Format Version 12.00
# Visual Studio 15
VisualStudioVersion = 15.0.27703.2042
MinimumVisualStudioVersion = 10.0.40219.1
Project("{FAE04EC0-301F-11D3-BF4B-00C04F79EFBC}") = "DumpContentProperty", "DumpContentProperty\DumpContentProperty.csproj", "{823B03C2-83FA-4836-8AC0-682141413742}"
EndProject
Global
	GlobalSection(SolutionConfigurationPlatforms) = preSolution
		Debug|Any CPU = Debug|Any CPU
		Release|Any CPU = Release|Any CPU
	EndGlobalSection
	GlobalSection(ProjectConfigurationPlatforms) = postSolution
		{823B03C2-83FA-4836-8AC0-682141413742}.Debug|Any CPU.ActiveCfg = Debug|Any CPU
		{823B03C2-83FA-4836-8AC0-682141413742}.Debug|Any CPU.Build.0 = Debug|Any CPU
		{823B03C2-83FA-4836-8AC0-682141413742}.Release|Any CPU.ActiveCfg = Release|Any CPU
		{823B03C2-83FA-4836-8AC0-682141413742}.Release|Any CPU.Build.0 = Release|Any CPU
	EndGlobalSection
	GlobalSection(SolutionProperties) = preSolution
		HideSolutionNode = FALSE
	EndGlobalSection
	GlobalSection(ExtensibilityGlobals) = postSolution
		SolutionGuid = {E47317F1-DD05-4575-A3E4-F84D79EF666D}
	EndGlobalSection
EndGlobal
