
Microsoft Visual Studio Solution File, Format Version 12.00
# Visual Studio 15
VisualStudioVersion = 15.0.27703.2042
MinimumVisualStudioVersion = 10.0.40219.1
Project("{FAE04EC0-301F-11D3-BF4B-00C04F79EFBC}") = "LoadXamlWindow", "LoadXamlWindow\LoadXamlWindow.csproj", "{5C3487AD-1503-4DDF-B29F-CD3C9BB901C6}"
EndProject
Project("{FAE04EC0-301F-11D3-BF4B-00C04F79EFBC}") = "CompileXamlWindow", "CompileXamlWindow\CompileXamlWindow.csproj", "{53DA556E-5C01-4179-BA5A-2455D1293D0A}"
EndProject
Global
	GlobalSection(SolutionConfigurationPlatforms) = preSolution
		Debug|Any CPU = Debug|Any CPU
		Release|Any CPU = Release|Any CPU
	EndGlobalSection
	GlobalSection(ProjectConfigurationPlatforms) = postSolution
		{5C3487AD-1503-4DDF-B29F-CD3C9BB901C6}.Debug|Any CPU.ActiveCfg = Debug|Any CPU
		{5C3487AD-1503-4DDF-B29F-CD3C9BB901C6}.Debug|Any CPU.Build.0 = Debug|Any CPU
		{5C3487AD-1503-4DDF-B29F-CD3C9BB901C6}.Release|Any CPU.ActiveCfg = Release|Any CPU
		{5C3487AD-1503-4DDF-B29F-CD3C9BB901C6}.Release|Any CPU.Build.0 = Release|Any CPU
		{53DA556E-5C01-4179-BA5A-2455D1293D0A}.Debug|Any CPU.ActiveCfg = Debug|Any CPU
		{53DA556E-5C01-4179-BA5A-2455D1293D0A}.Debug|Any CPU.Build.0 = Debug|Any CPU
		{53DA556E-5C01-4179-BA5A-2455D1293D0A}.Release|Any CPU.ActiveCfg = Release|Any CPU
		{53DA556E-5C01-4179-BA5A-2455D1293D0A}.Release|Any CPU.Build.0 = Release|Any CPU
	EndGlobalSection
	GlobalSection(SolutionProperties) = preSolution
		HideSolutionNode = FALSE
	EndGlobalSection
	GlobalSection(ExtensibilityGlobals) = postSolution
		SolutionGuid = {5C4AE31B-CFDF-4E11-81F1-A623D6B7EB42}
	EndGlobalSection
EndGlobal
