
Microsoft Visual Studio Solution File, Format Version 12.00
# Visual Studio 15
VisualStudioVersion = 15.0.27703.2042
MinimumVisualStudioVersion = 10.0.40219.1
Project("{FAE04EC0-301F-11D3-BF4B-00C04F79EFBC}") = "WindowsFormsApp1", "WindowsFormsApp1\WindowsFormsApp1.csproj", "{2AE9EAA7-7F6A-41FB-BB64-C4C03B3B35FC}"
EndProject
Project("{FAE04EC0-301F-11D3-BF4B-00C04F79EFBC}") = "WindowsFormsApp2", "WindowsFormsApp2\WindowsFormsApp2.csproj", "{6A8C394B-770F-485C-ABC2-D3C923831A14}"
EndProject
Global
	GlobalSection(SolutionConfigurationPlatforms) = preSolution
		Debug|Any CPU = Debug|Any CPU
		Release|Any CPU = Release|Any CPU
	EndGlobalSection
	GlobalSection(ProjectConfigurationPlatforms) = postSolution
		{2AE9EAA7-7F6A-41FB-BB64-C4C03B3B35FC}.Debug|Any CPU.ActiveCfg = Debug|Any CPU
		{2AE9EAA7-7F6A-41FB-BB64-C4C03B3B35FC}.Debug|Any CPU.Build.0 = Debug|Any CPU
		{2AE9EAA7-7F6A-41FB-BB64-C4C03B3B35FC}.Release|Any CPU.ActiveCfg = Release|Any CPU
		{2AE9EAA7-7F6A-41FB-BB64-C4C03B3B35FC}.Release|Any CPU.Build.0 = Release|Any CPU
		{6A8C394B-770F-485C-ABC2-D3C923831A14}.Debug|Any CPU.ActiveCfg = Debug|Any CPU
		{6A8C394B-770F-485C-ABC2-D3C923831A14}.Debug|Any CPU.Build.0 = Debug|Any CPU
		{6A8C394B-770F-485C-ABC2-D3C923831A14}.Release|Any CPU.ActiveCfg = Release|Any CPU
		{6A8C394B-770F-485C-ABC2-D3C923831A14}.Release|Any CPU.Build.0 = Release|Any CPU
	EndGlobalSection
	GlobalSection(SolutionProperties) = preSolution
		HideSolutionNode = FALSE
	EndGlobalSection
	GlobalSection(ExtensibilityGlobals) = postSolution
		SolutionGuid = {10027FFD-CEEF-4B1C-B498-4FC3F7F5F52D}
	EndGlobalSection
EndGlobal
