
Microsoft Visual Studio Solution File, Format Version 12.00
# Visual Studio 15
VisualStudioVersion = 15.0.27703.2042
MinimumVisualStudioVersion = 10.0.40219.1
Project("{FAE04EC0-301F-11D3-BF4B-00C04F79EFBC}") = "WindowsFormsApp1", "WindowsFormsApp1\WindowsFormsApp1.csproj", "{2AE9EAA7-7F6A-41FB-BB64-C4C03B3B35FC}"
EndProject
Project("{FAE04EC0-301F-11D3-BF4B-00C04F79EFBC}") = "WindowsFormsApp2", "WindowsFormsApp2\WindowsFormsApp2.csproj", "{6A8C394B-770F-485C-ABC2-D3C923831A14}"
EndProject
Project("{FAE04EC0-301F-11D3-BF4B-00C04F79EFBC}") = "WindowsFormsApp4", "WindowsFormsApp4\WindowsFormsApp4.csproj", "{F6E249E9-C21E-48AD-A9E4-68294FCE8762}"
EndProject
Project("{FAE04EC0-301F-11D3-BF4B-00C04F79EFBC}") = "ConsoleApp1", "ConsoleApp1\ConsoleApp1.csproj", "{02B680F9-6BDC-43FA-99E8-C7E1604F339E}"
EndProject
Project("{FAE04EC0-301F-11D3-BF4B-00C04F79EFBC}") = "ConsoleApp2", "ConsoleApp2\ConsoleApp2.csproj", "{0938A414-C433-49F7-88EA-5326BCAE302A}"
EndProject
Project("{FAE04EC0-301F-11D3-BF4B-00C04F79EFBC}") = "WindowsFormsApp5", "WindowsFormsApp5\WindowsFormsApp5.csproj", "{BFB16B94-AC76-4FEF-B315-C89645493D00}"
EndProject
Global
	GlobalSection(SolutionConfigurationPlatforms) = preSolution
		Debug|Any CPU = Debug|Any CPU
		Release|Any CPU = Release|Any CPU
	EndGlobalSection
	GlobalSection(ProjectConfigurationPlatforms) = postSolution
		{2AE9EAA7-7F6A-41FB-BB64-C4C03B3B35FC}.Debug|Any CPU.ActiveCfg = Debug|Any CPU
		{2AE9EAA7-7F6A-41FB-BB64-C4C03B3B35FC}.Debug|Any CPU.Build.0 = Debug|Any CPU
		{2AE9EAA7-7F6A-41FB-BB64-C4C03B3B35FC}.Release|Any CPU.ActiveCfg = Release|Any CPU
		{2AE9EAA7-7F6A-41FB-BB64-C4C03B3B35FC}.Release|Any CPU.Build.0 = Release|Any CPU
		{6A8C394B-770F-485C-ABC2-D3C923831A14}.Debug|Any CPU.ActiveCfg = Debug|Any CPU
		{6A8C394B-770F-485C-ABC2-D3C923831A14}.Debug|Any CPU.Build.0 = Debug|Any CPU
		{6A8C394B-770F-485C-ABC2-D3C923831A14}.Release|Any CPU.ActiveCfg = Release|Any CPU
		{6A8C394B-770F-485C-ABC2-D3C923831A14}.Release|Any CPU.Build.0 = Release|Any CPU
		{F6E249E9-C21E-48AD-A9E4-68294FCE8762}.Debug|Any CPU.ActiveCfg = Debug|Any CPU
		{F6E249E9-C21E-48AD-A9E4-68294FCE8762}.Debug|Any CPU.Build.0 = Debug|Any CPU
		{F6E249E9-C21E-48AD-A9E4-68294FCE8762}.Release|Any CPU.ActiveCfg = Release|Any CPU
		{F6E249E9-C21E-48AD-A9E4-68294FCE8762}.Release|Any CPU.Build.0 = Release|Any CPU
		{02B680F9-6BDC-43FA-99E8-C7E1604F339E}.Debug|Any CPU.ActiveCfg = Debug|Any CPU
		{02B680F9-6BDC-43FA-99E8-C7E1604F339E}.Debug|Any CPU.Build.0 = Debug|Any CPU
		{02B680F9-6BDC-43FA-99E8-C7E1604F339E}.Release|Any CPU.ActiveCfg = Release|Any CPU
		{02B680F9-6BDC-43FA-99E8-C7E1604F339E}.Release|Any CPU.Build.0 = Release|Any CPU
		{0938A414-C433-49F7-88EA-5326BCAE302A}.Debug|Any CPU.ActiveCfg = Debug|Any CPU
		{0938A414-C433-49F7-88EA-5326BCAE302A}.Debug|Any CPU.Build.0 = Debug|Any CPU
		{0938A414-C433-49F7-88EA-5326BCAE302A}.Release|Any CPU.ActiveCfg = Release|Any CPU
		{0938A414-C433-49F7-88EA-5326BCAE302A}.Release|Any CPU.Build.0 = Release|Any CPU
		{BFB16B94-AC76-4FEF-B315-C89645493D00}.Debug|Any CPU.ActiveCfg = Debug|Any CPU
		{BFB16B94-AC76-4FEF-B315-C89645493D00}.Debug|Any CPU.Build.0 = Debug|Any CPU
		{BFB16B94-AC76-4FEF-B315-C89645493D00}.Release|Any CPU.ActiveCfg = Release|Any CPU
		{BFB16B94-AC76-4FEF-B315-C89645493D00}.Release|Any CPU.Build.0 = Release|Any CPU
	EndGlobalSection
	GlobalSection(SolutionProperties) = preSolution
		HideSolutionNode = FALSE
	EndGlobalSection
	GlobalSection(ExtensibilityGlobals) = postSolution
		SolutionGuid = {10027FFD-CEEF-4B1C-B498-4FC3F7F5F52D}
	EndGlobalSection
EndGlobal
