
Microsoft Visual Studio Solution File, Format Version 12.00
# Visual Studio 15
VisualStudioVersion = 15.0.27703.2042
MinimumVisualStudioVersion = 10.0.40219.1
Project("{FAE04EC0-301F-11D3-BF4B-00C04F79EFBC}") = "Transaction", "Transaction\Transaction.csproj", "{FFA7A943-A9C1-40AD-AF86-6155B079E29E}"
EndProject
Project("{FAE04EC0-301F-11D3-BF4B-00C04F79EFBC}") = "ConsoleApp1", "ConsoleApp1\ConsoleApp1.csproj", "{41DD77F4-0454-416C-A884-36B4E4A73EE6}"
EndProject
Global
	GlobalSection(SolutionConfigurationPlatforms) = preSolution
		Debug|Any CPU = Debug|Any CPU
		Release|Any CPU = Release|Any CPU
	EndGlobalSection
	GlobalSection(ProjectConfigurationPlatforms) = postSolution
		{FFA7A943-A9C1-40AD-AF86-6155B079E29E}.Debug|Any CPU.ActiveCfg = Debug|Any CPU
		{FFA7A943-A9C1-40AD-AF86-6155B079E29E}.Debug|Any CPU.Build.0 = Debug|Any CPU
		{FFA7A943-A9C1-40AD-AF86-6155B079E29E}.Release|Any CPU.ActiveCfg = Release|Any CPU
		{FFA7A943-A9C1-40AD-AF86-6155B079E29E}.Release|Any CPU.Build.0 = Release|Any CPU
		{41DD77F4-0454-416C-A884-36B4E4A73EE6}.Debug|Any CPU.ActiveCfg = Debug|Any CPU
		{41DD77F4-0454-416C-A884-36B4E4A73EE6}.Debug|Any CPU.Build.0 = Debug|Any CPU
		{41DD77F4-0454-416C-A884-36B4E4A73EE6}.Release|Any CPU.ActiveCfg = Release|Any CPU
		{41DD77F4-0454-416C-A884-36B4E4A73EE6}.Release|Any CPU.Build.0 = Release|Any CPU
	EndGlobalSection
	GlobalSection(SolutionProperties) = preSolution
		HideSolutionNode = FALSE
	EndGlobalSection
	GlobalSection(ExtensibilityGlobals) = postSolution
		SolutionGuid = {06647E76-34D4-4EE6-BB04-2A3A87F75716}
	EndGlobalSection
EndGlobal
