
Microsoft Visual Studio Solution File, Format Version 12.00
# Visual Studio 15
VisualStudioVersion = 15.0.27703.2042
MinimumVisualStudioVersion = 10.0.40219.1
Project("{FAE04EC0-301F-11D3-BF4B-00C04F79EFBC}") = "Test", "Test\Test.csproj", "{0E01F5B3-82D8-4A91-8CA9-55FE8766A49B}"
EndProject
Project("{FAE04EC0-301F-11D3-BF4B-00C04F79EFBC}") = "ButtonTest2", "ButtonTest2\ButtonTest2.csproj", "{5AD17F73-BA5E-46C6-8278-8EDC5BC551AF}"
EndProject
Project("{FAE04EC0-301F-11D3-BF4B-00C04F79EFBC}") = "StackPanelXamlTest", "StackPanelXamlTest\StackPanelXamlTest.csproj", "{B842645E-08F3-4B55-86FE-4F9E0863CDB8}"
EndProject
Project("{FAE04EC0-301F-11D3-BF4B-00C04F79EFBC}") = "test2", "test2\test2.csproj", "{6676D4E3-D2A4-4998-B4A5-2CECE2BD7594}"
EndProject
Project("{FAE04EC0-301F-11D3-BF4B-00C04F79EFBC}") = "test4", "test4\test4.csproj", "{B1D0E52E-BA64-404D-9EDE-B37EB454D265}"
EndProject
Project("{FAE04EC0-301F-11D3-BF4B-00C04F79EFBC}") = "test5", "test5\test5.csproj", "{696240BA-9E0D-428C-8489-597169A282CF}"
EndProject
Project("{FAE04EC0-301F-11D3-BF4B-00C04F79EFBC}") = "test6", "test6\test6.csproj", "{F1EB1276-75A6-4105-A8DB-A410713EAD52}"
EndProject
Project("{FAE04EC0-301F-11D3-BF4B-00C04F79EFBC}") = "test7", "test7\test7.csproj", "{D7F79796-04AA-45B3-A120-94C0D10C965F}"
EndProject
Project("{FAE04EC0-301F-11D3-BF4B-00C04F79EFBC}") = "WpfApplication9", "WpfApplication9\WpfApplication9.csproj", "{4E75B459-6F48-4C7F-866F-002C424FF6A2}"
EndProject
Project("{FAE04EC0-301F-11D3-BF4B-00C04F79EFBC}") = "test8", "test8\test8.csproj", "{AC8A5B41-1F9C-404B-BE5F-93FBD78C6874}"
EndProject
Project("{FAE04EC0-301F-11D3-BF4B-00C04F79EFBC}") = "DigitalClock", "DigitalClock\DigitalClock.csproj", "{11CB3DD1-95E0-4FB3-BD9E-0298E160E50F}"
EndProject
Project("{FAE04EC0-301F-11D3-BF4B-00C04F79EFBC}") = "WPFDataBinding", "WPFDataBinding\WPFDataBinding.csproj", "{00A57E55-0C40-41F8-B2FF-4AEB9CD1B067}"
EndProject
Project("{FAE04EC0-301F-11D3-BF4B-00C04F79EFBC}") = "LoginWindow", "test9\LoginWindow.csproj", "{5DD55EC5-EF18-47D5-B12C-AC46CE49DFCB}"
EndProject
Project("{FAE04EC0-301F-11D3-BF4B-00C04F79EFBC}") = "home", "home\home.csproj", "{B8F04275-28AD-404C-AD01-0E0AFE9CB7C9}"
EndProject
Project("{FAE04EC0-301F-11D3-BF4B-00C04F79EFBC}") = "WpfApp1", "WpfApp1\WpfApp1.csproj", "{E8E54237-A509-4159-8A00-481366874C0B}"
EndProject
Project("{FAE04EC0-301F-11D3-BF4B-00C04F79EFBC}") = "Example01", "Example01\Example01.csproj", "{6B6A9F33-06A3-432F-9C65-92DD8A3B170F}"
EndProject
Project("{FAE04EC0-301F-11D3-BF4B-00C04F79EFBC}") = "CommandExam", "CommandExam\CommandExam.csproj", "{92562BC5-E895-4899-8D3D-966FB2BDF0BB}"
EndProject
Project("{FAE04EC0-301F-11D3-BF4B-00C04F79EFBC}") = "WpfOracleTest", "WpfOracleTest\WpfOracleTest.csproj", "{B14899A2-0372-4996-9C8B-13F55583FE8A}"
EndProject
Project("{FAE04EC0-301F-11D3-BF4B-00C04F79EFBC}") = "WpfApp2", "WpfApp2\WpfApp2.csproj", "{5E388978-BEE8-4EC6-8129-0443166333B3}"
EndProject
Project("{FAE04EC0-301F-11D3-BF4B-00C04F79EFBC}") = "DataBindingSortExam", "DataBindingSortExam\DataBindingSortExam.csproj", "{7186E385-42E0-41E5-81A6-CD877D3D2E03}"
EndProject
Project("{FAE04EC0-301F-11D3-BF4B-00C04F79EFBC}") = "ConverterTest", "ConverterTest\ConverterTest.csproj", "{73BA78E4-D188-4DBE-A4FE-776346195BD4}"
EndProject
Project("{FAE04EC0-301F-11D3-BF4B-00C04F79EFBC}") = "MenuApplication", "MenuApplication\MenuApplication.csproj", "{D532D2F3-5BC1-4D4D-833A-63A65A182F90}"
EndProject
Project("{FAE04EC0-301F-11D3-BF4B-00C04F79EFBC}") = "WpfApp3", "WpfApp3\WpfApp3.csproj", "{9B17FD3A-D2E1-495C-844B-97A488549352}"
EndProject
Project("{FAE04EC0-301F-11D3-BF4B-00C04F79EFBC}") = "WpfApp4", "WpfApp4\WpfApp4.csproj", "{5BB7BE05-D8E5-48C3-A185-BF8AAD10F1D5}"
EndProject
Project("{FAE04EC0-301F-11D3-BF4B-00C04F79EFBC}") = "WpfApp5", "WpfApp5\WpfApp5.csproj", "{71EA5F2C-6C45-405B-B1E9-9AD694FC7F61}"
EndProject
Global
	GlobalSection(SolutionConfigurationPlatforms) = preSolution
		Debug|Any CPU = Debug|Any CPU
		Release|Any CPU = Release|Any CPU
	EndGlobalSection
	GlobalSection(ProjectConfigurationPlatforms) = postSolution
		{0E01F5B3-82D8-4A91-8CA9-55FE8766A49B}.Debug|Any CPU.ActiveCfg = Debug|Any CPU
		{0E01F5B3-82D8-4A91-8CA9-55FE8766A49B}.Debug|Any CPU.Build.0 = Debug|Any CPU
		{0E01F5B3-82D8-4A91-8CA9-55FE8766A49B}.Release|Any CPU.ActiveCfg = Release|Any CPU
		{0E01F5B3-82D8-4A91-8CA9-55FE8766A49B}.Release|Any CPU.Build.0 = Release|Any CPU
		{5AD17F73-BA5E-46C6-8278-8EDC5BC551AF}.Debug|Any CPU.ActiveCfg = Debug|Any CPU
		{5AD17F73-BA5E-46C6-8278-8EDC5BC551AF}.Debug|Any CPU.Build.0 = Debug|Any CPU
		{5AD17F73-BA5E-46C6-8278-8EDC5BC551AF}.Release|Any CPU.ActiveCfg = Release|Any CPU
		{5AD17F73-BA5E-46C6-8278-8EDC5BC551AF}.Release|Any CPU.Build.0 = Release|Any CPU
		{B842645E-08F3-4B55-86FE-4F9E0863CDB8}.Debug|Any CPU.ActiveCfg = Debug|Any CPU
		{B842645E-08F3-4B55-86FE-4F9E0863CDB8}.Debug|Any CPU.Build.0 = Debug|Any CPU
		{B842645E-08F3-4B55-86FE-4F9E0863CDB8}.Release|Any CPU.ActiveCfg = Release|Any CPU
		{B842645E-08F3-4B55-86FE-4F9E0863CDB8}.Release|Any CPU.Build.0 = Release|Any CPU
		{6676D4E3-D2A4-4998-B4A5-2CECE2BD7594}.Debug|Any CPU.ActiveCfg = Debug|Any CPU
		{6676D4E3-D2A4-4998-B4A5-2CECE2BD7594}.Debug|Any CPU.Build.0 = Debug|Any CPU
		{6676D4E3-D2A4-4998-B4A5-2CECE2BD7594}.Release|Any CPU.ActiveCfg = Release|Any CPU
		{6676D4E3-D2A4-4998-B4A5-2CECE2BD7594}.Release|Any CPU.Build.0 = Release|Any CPU
		{B1D0E52E-BA64-404D-9EDE-B37EB454D265}.Debug|Any CPU.ActiveCfg = Debug|Any CPU
		{B1D0E52E-BA64-404D-9EDE-B37EB454D265}.Debug|Any CPU.Build.0 = Debug|Any CPU
		{B1D0E52E-BA64-404D-9EDE-B37EB454D265}.Release|Any CPU.ActiveCfg = Release|Any CPU
		{B1D0E52E-BA64-404D-9EDE-B37EB454D265}.Release|Any CPU.Build.0 = Release|Any CPU
		{696240BA-9E0D-428C-8489-597169A282CF}.Debug|Any CPU.ActiveCfg = Debug|Any CPU
		{696240BA-9E0D-428C-8489-597169A282CF}.Debug|Any CPU.Build.0 = Debug|Any CPU
		{696240BA-9E0D-428C-8489-597169A282CF}.Release|Any CPU.ActiveCfg = Release|Any CPU
		{696240BA-9E0D-428C-8489-597169A282CF}.Release|Any CPU.Build.0 = Release|Any CPU
		{F1EB1276-75A6-4105-A8DB-A410713EAD52}.Debug|Any CPU.ActiveCfg = Debug|Any CPU
		{F1EB1276-75A6-4105-A8DB-A410713EAD52}.Debug|Any CPU.Build.0 = Debug|Any CPU
		{F1EB1276-75A6-4105-A8DB-A410713EAD52}.Release|Any CPU.ActiveCfg = Release|Any CPU
		{F1EB1276-75A6-4105-A8DB-A410713EAD52}.Release|Any CPU.Build.0 = Release|Any CPU
		{D7F79796-04AA-45B3-A120-94C0D10C965F}.Debug|Any CPU.ActiveCfg = Debug|Any CPU
		{D7F79796-04AA-45B3-A120-94C0D10C965F}.Debug|Any CPU.Build.0 = Debug|Any CPU
		{D7F79796-04AA-45B3-A120-94C0D10C965F}.Release|Any CPU.ActiveCfg = Release|Any CPU
		{D7F79796-04AA-45B3-A120-94C0D10C965F}.Release|Any CPU.Build.0 = Release|Any CPU
		{4E75B459-6F48-4C7F-866F-002C424FF6A2}.Debug|Any CPU.ActiveCfg = Debug|Any CPU
		{4E75B459-6F48-4C7F-866F-002C424FF6A2}.Debug|Any CPU.Build.0 = Debug|Any CPU
		{4E75B459-6F48-4C7F-866F-002C424FF6A2}.Release|Any CPU.ActiveCfg = Release|Any CPU
		{4E75B459-6F48-4C7F-866F-002C424FF6A2}.Release|Any CPU.Build.0 = Release|Any CPU
		{AC8A5B41-1F9C-404B-BE5F-93FBD78C6874}.Debug|Any CPU.ActiveCfg = Debug|Any CPU
		{AC8A5B41-1F9C-404B-BE5F-93FBD78C6874}.Debug|Any CPU.Build.0 = Debug|Any CPU
		{AC8A5B41-1F9C-404B-BE5F-93FBD78C6874}.Release|Any CPU.ActiveCfg = Release|Any CPU
		{AC8A5B41-1F9C-404B-BE5F-93FBD78C6874}.Release|Any CPU.Build.0 = Release|Any CPU
		{11CB3DD1-95E0-4FB3-BD9E-0298E160E50F}.Debug|Any CPU.ActiveCfg = Debug|Any CPU
		{11CB3DD1-95E0-4FB3-BD9E-0298E160E50F}.Debug|Any CPU.Build.0 = Debug|Any CPU
		{11CB3DD1-95E0-4FB3-BD9E-0298E160E50F}.Release|Any CPU.ActiveCfg = Release|Any CPU
		{11CB3DD1-95E0-4FB3-BD9E-0298E160E50F}.Release|Any CPU.Build.0 = Release|Any CPU
		{00A57E55-0C40-41F8-B2FF-4AEB9CD1B067}.Debug|Any CPU.ActiveCfg = Debug|Any CPU
		{00A57E55-0C40-41F8-B2FF-4AEB9CD1B067}.Debug|Any CPU.Build.0 = Debug|Any CPU
		{00A57E55-0C40-41F8-B2FF-4AEB9CD1B067}.Release|Any CPU.ActiveCfg = Release|Any CPU
		{00A57E55-0C40-41F8-B2FF-4AEB9CD1B067}.Release|Any CPU.Build.0 = Release|Any CPU
		{5DD55EC5-EF18-47D5-B12C-AC46CE49DFCB}.Debug|Any CPU.ActiveCfg = Debug|Any CPU
		{5DD55EC5-EF18-47D5-B12C-AC46CE49DFCB}.Debug|Any CPU.Build.0 = Debug|Any CPU
		{5DD55EC5-EF18-47D5-B12C-AC46CE49DFCB}.Release|Any CPU.ActiveCfg = Release|Any CPU
		{5DD55EC5-EF18-47D5-B12C-AC46CE49DFCB}.Release|Any CPU.Build.0 = Release|Any CPU
		{B8F04275-28AD-404C-AD01-0E0AFE9CB7C9}.Debug|Any CPU.ActiveCfg = Debug|Any CPU
		{B8F04275-28AD-404C-AD01-0E0AFE9CB7C9}.Debug|Any CPU.Build.0 = Debug|Any CPU
		{B8F04275-28AD-404C-AD01-0E0AFE9CB7C9}.Release|Any CPU.ActiveCfg = Release|Any CPU
		{B8F04275-28AD-404C-AD01-0E0AFE9CB7C9}.Release|Any CPU.Build.0 = Release|Any CPU
		{E8E54237-A509-4159-8A00-481366874C0B}.Debug|Any CPU.ActiveCfg = Debug|Any CPU
		{E8E54237-A509-4159-8A00-481366874C0B}.Debug|Any CPU.Build.0 = Debug|Any CPU
		{E8E54237-A509-4159-8A00-481366874C0B}.Release|Any CPU.ActiveCfg = Release|Any CPU
		{E8E54237-A509-4159-8A00-481366874C0B}.Release|Any CPU.Build.0 = Release|Any CPU
		{6B6A9F33-06A3-432F-9C65-92DD8A3B170F}.Debug|Any CPU.ActiveCfg = Debug|Any CPU
		{6B6A9F33-06A3-432F-9C65-92DD8A3B170F}.Debug|Any CPU.Build.0 = Debug|Any CPU
		{6B6A9F33-06A3-432F-9C65-92DD8A3B170F}.Release|Any CPU.ActiveCfg = Release|Any CPU
		{6B6A9F33-06A3-432F-9C65-92DD8A3B170F}.Release|Any CPU.Build.0 = Release|Any CPU
		{92562BC5-E895-4899-8D3D-966FB2BDF0BB}.Debug|Any CPU.ActiveCfg = Debug|Any CPU
		{92562BC5-E895-4899-8D3D-966FB2BDF0BB}.Debug|Any CPU.Build.0 = Debug|Any CPU
		{92562BC5-E895-4899-8D3D-966FB2BDF0BB}.Release|Any CPU.ActiveCfg = Release|Any CPU
		{92562BC5-E895-4899-8D3D-966FB2BDF0BB}.Release|Any CPU.Build.0 = Release|Any CPU
		{B14899A2-0372-4996-9C8B-13F55583FE8A}.Debug|Any CPU.ActiveCfg = Debug|Any CPU
		{B14899A2-0372-4996-9C8B-13F55583FE8A}.Debug|Any CPU.Build.0 = Debug|Any CPU
		{B14899A2-0372-4996-9C8B-13F55583FE8A}.Release|Any CPU.ActiveCfg = Release|Any CPU
		{B14899A2-0372-4996-9C8B-13F55583FE8A}.Release|Any CPU.Build.0 = Release|Any CPU
		{5E388978-BEE8-4EC6-8129-0443166333B3}.Debug|Any CPU.ActiveCfg = Debug|Any CPU
		{5E388978-BEE8-4EC6-8129-0443166333B3}.Debug|Any CPU.Build.0 = Debug|Any CPU
		{5E388978-BEE8-4EC6-8129-0443166333B3}.Release|Any CPU.ActiveCfg = Release|Any CPU
		{5E388978-BEE8-4EC6-8129-0443166333B3}.Release|Any CPU.Build.0 = Release|Any CPU
		{7186E385-42E0-41E5-81A6-CD877D3D2E03}.Debug|Any CPU.ActiveCfg = Debug|Any CPU
		{7186E385-42E0-41E5-81A6-CD877D3D2E03}.Debug|Any CPU.Build.0 = Debug|Any CPU
		{7186E385-42E0-41E5-81A6-CD877D3D2E03}.Release|Any CPU.ActiveCfg = Release|Any CPU
		{7186E385-42E0-41E5-81A6-CD877D3D2E03}.Release|Any CPU.Build.0 = Release|Any CPU
		{73BA78E4-D188-4DBE-A4FE-776346195BD4}.Debug|Any CPU.ActiveCfg = Debug|Any CPU
		{73BA78E4-D188-4DBE-A4FE-776346195BD4}.Debug|Any CPU.Build.0 = Debug|Any CPU
		{73BA78E4-D188-4DBE-A4FE-776346195BD4}.Release|Any CPU.ActiveCfg = Release|Any CPU
		{73BA78E4-D188-4DBE-A4FE-776346195BD4}.Release|Any CPU.Build.0 = Release|Any CPU
		{D532D2F3-5BC1-4D4D-833A-63A65A182F90}.Debug|Any CPU.ActiveCfg = Debug|Any CPU
		{D532D2F3-5BC1-4D4D-833A-63A65A182F90}.Debug|Any CPU.Build.0 = Debug|Any CPU
		{D532D2F3-5BC1-4D4D-833A-63A65A182F90}.Release|Any CPU.ActiveCfg = Release|Any CPU
		{D532D2F3-5BC1-4D4D-833A-63A65A182F90}.Release|Any CPU.Build.0 = Release|Any CPU
		{9B17FD3A-D2E1-495C-844B-97A488549352}.Debug|Any CPU.ActiveCfg = Debug|Any CPU
		{9B17FD3A-D2E1-495C-844B-97A488549352}.Debug|Any CPU.Build.0 = Debug|Any CPU
		{9B17FD3A-D2E1-495C-844B-97A488549352}.Release|Any CPU.ActiveCfg = Release|Any CPU
		{9B17FD3A-D2E1-495C-844B-97A488549352}.Release|Any CPU.Build.0 = Release|Any CPU
		{5BB7BE05-D8E5-48C3-A185-BF8AAD10F1D5}.Debug|Any CPU.ActiveCfg = Debug|Any CPU
		{5BB7BE05-D8E5-48C3-A185-BF8AAD10F1D5}.Debug|Any CPU.Build.0 = Debug|Any CPU
		{5BB7BE05-D8E5-48C3-A185-BF8AAD10F1D5}.Release|Any CPU.ActiveCfg = Release|Any CPU
		{5BB7BE05-D8E5-48C3-A185-BF8AAD10F1D5}.Release|Any CPU.Build.0 = Release|Any CPU
		{71EA5F2C-6C45-405B-B1E9-9AD694FC7F61}.Debug|Any CPU.ActiveCfg = Debug|Any CPU
		{71EA5F2C-6C45-405B-B1E9-9AD694FC7F61}.Debug|Any CPU.Build.0 = Debug|Any CPU
		{71EA5F2C-6C45-405B-B1E9-9AD694FC7F61}.Release|Any CPU.ActiveCfg = Release|Any CPU
		{71EA5F2C-6C45-405B-B1E9-9AD694FC7F61}.Release|Any CPU.Build.0 = Release|Any CPU
	EndGlobalSection
	GlobalSection(SolutionProperties) = preSolution
		HideSolutionNode = FALSE
	EndGlobalSection
	GlobalSection(ExtensibilityGlobals) = postSolution
		SolutionGuid = {BABC125A-CE8A-431B-94E4-2A5C0D4BAF93}
	EndGlobalSection
EndGlobal
